// !$*UTF8*$!
{
	archiveVersion = 1;
	classes = {
	};
	objectVersion = 46;
	objects = {
/* Begin PBXBuildFile section */
		0207DA581B56EA530066E2B4 /* Images.xcassets in Resources */ = {isa = PBXBuildFile; fileRef = 0207DA571B56EA530066E2B4 /* Images.xcassets */; };
		0639A0C578AE448FAFA0AA0E /* GCDWebServerRequest.m in Sources */ = {isa = PBXBuildFile; fileRef = 6A7E5836850D4850B629728E /* GCDWebServerRequest.m */; };
		09249B6C186E49E4A1E2C736 /* UNIJsonNode.m in Sources */ = {isa = PBXBuildFile; fileRef = 181199BEA781485E8703D6EC /* UNIJsonNode.m */; };
		0B13064FBC64454E949C0AE2 /* inffast.c in Sources */ = {isa = PBXBuildFile; fileRef = C91E450F419E4B4D94997B0C /* inffast.c */; };
		10F6F11E85C345FEBEFFBAB5 /* gzclose.c in Sources */ = {isa = PBXBuildFile; fileRef = D53EBAAEEDC84DF6B43B1A71 /* gzclose.c */; };
		17914E5F22C14FECAEFD13C9 /* GCDWebServerMultiPartFormRequest.m in Sources */ = {isa = PBXBuildFile; fileRef = 79D3023EE0AF48DAB03E2F04 /* GCDWebServerMultiPartFormRequest.m */; };
		1D3623260D0F684500981E51 /* AppDelegate.m in Sources */ = {isa = PBXBuildFile; fileRef = 1D3623250D0F684500981E51 /* AppDelegate.m */; };
		1D60589B0D05DD56006BFB54 /* main.m in Sources */ = {isa = PBXBuildFile; fileRef = 29B97316FDCFA39411CA2CEA /* main.m */; };
		2ADA751C217641C7BC2983F9 /* gzlib.c in Sources */ = {isa = PBXBuildFile; fileRef = 15785C385D5C4D5A9161465F /* gzlib.c */; };
		2B17F89E202642D38E3B7120 /* inftrees.c in Sources */ = {isa = PBXBuildFile; fileRef = 530E49C9848E4123B4B93B87 /* inftrees.c */; };
		301BF552109A68D80062928A /* libCordova.a in Frameworks */ = {isa = PBXBuildFile; fileRef = 301BF535109A57CC0062928A /* libCordova.a */; };
		302B2EA769DF4E128F2971CD /* IonicDeploy.m in Sources */ = {isa = PBXBuildFile; fileRef = 51067C7632564CC6A41017F8 /* IonicDeploy.m */; };
		302D95F114D2391D003F00A1 /* MainViewController.m in Sources */ = {isa = PBXBuildFile; fileRef = 302D95EF14D2391D003F00A1 /* MainViewController.m */; };
		302D95F214D2391D003F00A1 /* MainViewController.xib in Resources */ = {isa = PBXBuildFile; fileRef = 302D95F014D2391D003F00A1 /* MainViewController.xib */; };
		3265D64EF6EF45CDBAFF7783 /* CDVStatusBar.m in Sources */ = {isa = PBXBuildFile; fileRef = 9D153181428D48FD84DBA711 /* CDVStatusBar.m */; };
		3403C526AC654DFBAE716E4A /* IonicConstant.m in Sources */ = {isa = PBXBuildFile; fileRef = 6174F98BAD2A4749851F9DEB /* IonicConstant.m */; };
		3460A213884F4606B4CE26FF /* CDVWKWebViewUIDelegate.m in Sources */ = {isa = PBXBuildFile; fileRef = B19FDACE3DB84099B6A7009B /* CDVWKWebViewUIDelegate.m */; };
		36F5812365134CD481392CC5 /* GCDWebServerFunctions.m in Sources */ = {isa = PBXBuildFile; fileRef = 19C6DB895AF94C5282A83DF9 /* GCDWebServerFunctions.m */; };
		385D939D0D2943F48CC9641B /* GCDWebServerURLEncodedFormRequest.m in Sources */ = {isa = PBXBuildFile; fileRef = 17ECF798C26146F087EA55EB /* GCDWebServerURLEncodedFormRequest.m */; };
		3BFAE8575B1A44D9A45DD016 /* gzwrite.c in Sources */ = {isa = PBXBuildFile; fileRef = 5FBF5A640DBF4681B312DAA4 /* gzwrite.c */; };
		43A6A04B8B444E89AC6E850B /* GCDWebServerDataRequest.m in Sources */ = {isa = PBXBuildFile; fileRef = 59750E72E51846998AC16F1C /* GCDWebServerDataRequest.m */; };
		52DB03030F774ECABF0D89C1 /* GCDWebServerStreamedResponse.m in Sources */ = {isa = PBXBuildFile; fileRef = ACAEEC2C6EA547D18CAAF39A /* GCDWebServerStreamedResponse.m */; };
		53C8F82C83624043B3F1D250 /* UNISimpleRequest.m in Sources */ = {isa = PBXBuildFile; fileRef = CEBEC64FF9B340DEBA9F4975 /* UNISimpleRequest.m */; };
		5CE5139565EC4077A2F3E896 /* CDVWKWebViewEngine.m in Sources */ = {isa = PBXBuildFile; fileRef = E83D0875C48E4592A020054D /* CDVWKWebViewEngine.m */; };
		5F43B9D78C5642EFBDF89A9D /* UNIHTTPResponse.m in Sources */ = {isa = PBXBuildFile; fileRef = 7BB5FD0DC78C458A80421CF6 /* UNIHTTPResponse.m */; };
		620E645D00D4444D994F368F /* SSZipArchive.m in Sources */ = {isa = PBXBuildFile; fileRef = 7388432D5A124B6E8744BE55 /* SSZipArchive.m */; };
		634487A006344D21AE08BD15 /* GCDWebServerDataResponse.m in Sources */ = {isa = PBXBuildFile; fileRef = 8E9D59311AEB400F991AE11A /* GCDWebServerDataResponse.m */; };
		66F740C1BA3F45FBB07ABB8B /* sqlite3.c in Sources */ = {isa = PBXBuildFile; fileRef = 873B336770974426B38EB7E4 /* sqlite3.c */; settings = {COMPILER_FLAGS = "-DSQLITE_THREADSAFE=1 -DSQLITE_DEFAULT_MEMSTATUS=0 -DSQLITE_OMIT_DECLTYPE -DSQLITE_OMIT_DEPRECATED -DSQLITE_OMIT_PROGRESS_CALLBACK -DSQLITE_OMIT_SHARED_CACHE -DSQLITE_TEMP_STORE=2 -DSQLITE_OMIT_LOAD_EXTENSION -DSQLITE_ENABLE_FTS3 -DSQLITE_ENABLE_FTS3_PARENTHESIS -DSQLITE_ENABLE_FTS4 -DSQLITE_ENABLE_RTREE -DSQLITE_DEFAULT_PAGE_SIZE=1024 -DSQLITE_DEFAULT_CACHE_SIZE=2000"; }; };
		6AFF5BF91D6E424B00AB3073 /* CDVLaunchScreen.storyboard in Resources */ = {isa = PBXBuildFile; fileRef = 6AFF5BF81D6E424B00AB3073 /* CDVLaunchScreen.storyboard */; };
		6B7260FD32704DE68ABB83A6 /* gzread.c in Sources */ = {isa = PBXBuildFile; fileRef = DC3A57A65BEF4C2E969233F1 /* gzread.c */; };
		6B79BA86D4D440E1B26629EB /* CDVDevice.m in Sources */ = {isa = PBXBuildFile; fileRef = 1F04A4079DA54F319E0C1F34 /* CDVDevice.m */; };
		6DEC783056A54915BF9F5322 /* crc32.c in Sources */ = {isa = PBXBuildFile; fileRef = C44BD0F199014088A4E7A262 /* crc32.c */; };
		6E429EFC261945D1A1430F9E /* compress.c in Sources */ = {isa = PBXBuildFile; fileRef = 026A4C70C8A04F11A47C8A51 /* compress.c */; };
		70B5FF5CD0424B7F82114D6D /* IonicCordovaCommon.swift in Sources */ = {isa = PBXBuildFile; fileRef = 72C3DBA68A1F40D28EEDE708 /* IonicCordovaCommon.swift */; };
		73AFF23B00984479A5B520D8 /* UNIUrlConnection.m in Sources */ = {isa = PBXBuildFile; fileRef = EB86C25E32F24781AE843FB6 /* UNIUrlConnection.m */; };
		7EC175FAD58140D1BE61C13C /* CDVViewController+SplashScreen.m in Sources */ = {isa = PBXBuildFile; fileRef = 8240396273FC4C4EAE57CE56 /* CDVViewController+SplashScreen.m */; };
		824AFFDD236741308A54A60B /* UNIBodyRequest.m in Sources */ = {isa = PBXBuildFile; fileRef = AC7DFCE04AF64BFB9514D76B /* UNIBodyRequest.m */; };
		82B1C09B52D2472388B2D4E3 /* zutil.c in Sources */ = {isa = PBXBuildFile; fileRef = C65FDB4BC86E44CE9EE0685D /* zutil.c */; };
		83B720CFC1EB43FE85EA9403 /* inflate.c in Sources */ = {isa = PBXBuildFile; fileRef = C9E45769DB4D4188ADD9EB00 /* inflate.c */; };
		8AB25FEF8D854B2EB4B320B6 /* deflate.c in Sources */ = {isa = PBXBuildFile; fileRef = ACC77E2A5A8F42C8824CFC8E /* deflate.c */; };
		8B7B7149B8E749DBACAE4B8D /* GCDWebServerErrorResponse.m in Sources */ = {isa = PBXBuildFile; fileRef = 351A067F33A949C8B9F4840B /* GCDWebServerErrorResponse.m */; };
		9BE49F1536514869A60EDAAA /* unzip.c in Sources */ = {isa = PBXBuildFile; fileRef = 55493088C8E940718256F36A /* unzip.c */; };
		A0560D4B38994FBFAB2D4958 /* CDVWKProcessPoolFactory.m in Sources */ = {isa = PBXBuildFile; fileRef = 39F5EBDAFFFE4D53B7AE4A26 /* CDVWKProcessPoolFactory.m */; };
		A574FE83C7BA445095479C69 /* UNIHTTPStringResponse.m in Sources */ = {isa = PBXBuildFile; fileRef = 3F11F9BF114F42AEA983D45F /* UNIHTTPStringResponse.m */; };
		A5C5D4AEBF3442888D2AC7F9 /* UNIHTTPClientHelper.m in Sources */ = {isa = PBXBuildFile; fileRef = 61967B433BFB439087F5FE61 /* UNIHTTPClientHelper.m */; };
		A7CF5513C8EA40E18EF29065 /* WebKit.framework in Frameworks */ = {isa = PBXBuildFile; fileRef = C82C227D39D148A69E5D0564 /* WebKit.framework */; settings = {ATTRIBUTES = (Weak, ); }; };
		B2404D2036884D46AEAEE01D /* UNIHTTPJsonResponse.m in Sources */ = {isa = PBXBuildFile; fileRef = CDD38A28AF3E4B3A9F5188E2 /* UNIHTTPJsonResponse.m */; };
		B54BE47C3C7346F6B0BDA0CB /* Download.m in Sources */ = {isa = PBXBuildFile; fileRef = 261D7FCF09F14697BDF34872 /* Download.m */; };
		B626B0683D344E52BDC1364E /* ioapi.c in Sources */ = {isa = PBXBuildFile; fileRef = B387A6A864894C999BA0D8C9 /* ioapi.c */; };
		B8784F5BF44C4E328D6908B8 /* GCDWebServerFileResponse.m in Sources */ = {isa = PBXBuildFile; fileRef = 508A071D0FF94BFA89DD86E1 /* GCDWebServerFileResponse.m */; };
		BBE3DC15BE2045F5B38FC2A5 /* UNIRest.m in Sources */ = {isa = PBXBuildFile; fileRef = 5689BD0AE08F44BB870BE24E /* UNIRest.m */; };
		BDC26124C1494EB88EFB9FBF /* DownloadManager.m in Sources */ = {isa = PBXBuildFile; fileRef = 5E6C7460674A4E7F8CB14F97 /* DownloadManager.m */; };
		BEA7AEBFB9CC4A11BB322F09 /* GCDWebServerResponse.m in Sources */ = {isa = PBXBuildFile; fileRef = 64E68F529FC54573B4373E67 /* GCDWebServerResponse.m */; };
		D7A0300DB58F41DC82B29F37 /* Base64.m in Sources */ = {isa = PBXBuildFile; fileRef = 4D84936408A1460987D8CDC9 /* Base64.m */; };
		D82BF46ABBDD461FB0B01D2E /* GCDWebServerConnection.m in Sources */ = {isa = PBXBuildFile; fileRef = E075A02D15D84AC08EEF6BD7 /* GCDWebServerConnection.m */; };
		D861F3E1BE6C4221BD2EF83A /* GCDWebServer.m in Sources */ = {isa = PBXBuildFile; fileRef = E3E64E00D8F7405283B5C05E /* GCDWebServer.m */; };
		DBC2B603FC804F0E8710ADA7 /* UNIBaseRequest.m in Sources */ = {isa = PBXBuildFile; fileRef = 748374109D3D46769C133C95 /* UNIBaseRequest.m */; };
		DC1D10374AD342A59950A6A6 /* CDVOrientation.m in Sources */ = {isa = PBXBuildFile; fileRef = CD4C5189B4FB43AE8802DE18 /* CDVOrientation.m */; };
		E02E0BC282824974A5B5BE2A /* infback.c in Sources */ = {isa = PBXBuildFile; fileRef = 67312CDB7B1E4C56B4684A2B /* infback.c */; };
		E0B9D8A8F15D49E68F585639 /* uncompr.c in Sources */ = {isa = PBXBuildFile; fileRef = B41DE6CB511248008EB7B2C2 /* uncompr.c */; };
		E1A82B5DDA374E309E9DDA53 /* SQLitePlugin.m in Sources */ = {isa = PBXBuildFile; fileRef = A51BE481C59A4EEB8C0090C7 /* SQLitePlugin.m */; };
		E1E01ABDFD314B65AD59D129 /* CDVSplashScreen+IonicDeploy.m in Sources */ = {isa = PBXBuildFile; fileRef = D82654DD90274F71BD63484E /* CDVSplashScreen+IonicDeploy.m */; };
		E2532CAF6D2F4390A2BA20F2 /* adler32.c in Sources */ = {isa = PBXBuildFile; fileRef = 8ADD44EA5CFA40AB987BAF8B /* adler32.c */; };
		E7EFE3F8B6C74A188EDBCF21 /* zip.c in Sources */ = {isa = PBXBuildFile; fileRef = FCE5F708A3B048A19C01BBDF /* zip.c */; };
		EE6E88FD6E954DE8A99D6D92 /* trees.c in Sources */ = {isa = PBXBuildFile; fileRef = C1CF1CEDC857420E8FEC7AE7 /* trees.c */; };
		F0F2F8C6681842A8A95F76BE /* CDVSplashScreen.m in Sources */ = {isa = PBXBuildFile; fileRef = 4E806FFF95C04456A56BC147 /* CDVSplashScreen.m */; };
		F58BC527504C4D8290BCC62B /* IonicKeyboard.m in Sources */ = {isa = PBXBuildFile; fileRef = B7D1B355B6E94DCE86F81628 /* IonicKeyboard.m */; };
		F61620B16A584FEAAC3A3C9E /* libz.tbd in Frameworks */ = {isa = PBXBuildFile; fileRef = B036980DD1454D5299B752F1 /* libz.tbd */; };
		F61E576DB24A40AF9C46AE0E /* GCDWebServerFileRequest.m in Sources */ = {isa = PBXBuildFile; fileRef = 778377525F444712964B3B3D /* GCDWebServerFileRequest.m */; };
		F8F01E88F1F945A3A1B263E8 /* UNIHTTPRequest.m in Sources */ = {isa = PBXBuildFile; fileRef = EFBB93529F7E44BBBFBA9DE5 /* UNIHTTPRequest.m */; };
		FDFEF87873AD4D369D36FB2E /* UNIHTTPBinaryResponse.m in Sources */ = {isa = PBXBuildFile; fileRef = C8B46B1927264BD18FC75923 /* UNIHTTPBinaryResponse.m */; };
		FF2B1E8E24F042EF842BFEF9 /* UNIHTTPRequestWithBody.m in Sources */ = {isa = PBXBuildFile; fileRef = 5907D1AA198F4914BBFF3474 /* UNIHTTPRequestWithBody.m */; };
		477C6A2D99714CC88BA4D541 /* UIImage+CropScaleOrientation.m in Sources */ = {isa = PBXBuildFile; fileRef = E026A12D7D4642A798DC2B3F /* UIImage+CropScaleOrientation.m */; };
		D9D087F98C7842FAA4E72183 /* CDVCamera.m in Sources */ = {isa = PBXBuildFile; fileRef = 6D5377DBD9D84B6C86F3361A /* CDVCamera.m */; };
		B9D78D6B9C1442FEAA5FB5C4 /* CDVJpegHeaderWriter.m in Sources */ = {isa = PBXBuildFile; fileRef = 649028DC24BC404D80F09BD6 /* CDVJpegHeaderWriter.m */; };
		EEDF46705CFA40B381564B0B /* ImageIO.framework in Frameworks */ = {isa = PBXBuildFile; fileRef = 0F8C69DD883B461FB4D11D02 /* ImageIO.framework */; settings = {ATTRIBUTES = (Weak, ); }; };
		244737567C624CE3AD2CF92D /* CoreLocation.framework in Frameworks */ = {isa = PBXBuildFile; fileRef = 229D5EEB96D6481B85346C03 /* CoreLocation.framework */; };
		E64998BAD1B146A995C07BBE /* AVFoundation.framework in Frameworks */ = {isa = PBXBuildFile; fileRef = A8A914CC744F447CB27793AA /* AVFoundation.framework */; };
/* End PBXBuildFile section */

/* Begin PBXContainerItemProxy section */
		1622D3731F8A54CE00C8CF73 /* PBXContainerItemProxy */ = {
			isa = PBXContainerItemProxy;
			containerPortal = 301BF52D109A57CC0062928A /* CordovaLib/CordovaLib.xcodeproj */;
			proxyType = 2;
			remoteGlobalIDString = C0C01EB21E3911D50056E6CB;
			remoteInfo = Cordova;
		};
		301BF534109A57CC0062928A /* PBXContainerItemProxy */ = {
			isa = PBXContainerItemProxy;
			containerPortal = 301BF52D109A57CC0062928A /* CordovaLib/CordovaLib.xcodeproj */;
			proxyType = 2;
			remoteGlobalIDString = D2AAC07E0554694100DB518D;
			remoteInfo = CordovaLib;
		};
		301BF550109A68C00062928A /* PBXContainerItemProxy */ = {
			isa = PBXContainerItemProxy;
			containerPortal = 301BF52D109A57CC0062928A /* CordovaLib/CordovaLib.xcodeproj */;
			proxyType = 1;
			remoteGlobalIDString = D2AAC07D0554694100DB518D;
			remoteInfo = CordovaLib;
		};
/* End PBXContainerItemProxy section */

/* Begin PBXFileReference section */
		0048C29998AF49C9A3EE7A6A /* CDVSplashScreen+IonicDeploy.h */ = {isa = PBXFileReference; explicitFileType = undefined; fileEncoding = 4; includeInIndex = 0; lastKnownFileType = sourcecode.c.h; name = "CDVSplashScreen+IonicDeploy.h"; path = "cordova-plugin-ionic/CDVSplashScreen+IonicDeploy.h"; sourceTree = "<group>"; };
		0207DA571B56EA530066E2B4 /* Images.xcassets */ = {isa = PBXFileReference; lastKnownFileType = folder.assetcatalog; name = Images.xcassets; path = "考研政治/Images.xcassets"; sourceTree = SOURCE_ROOT; };
		026A4C70C8A04F11A47C8A51 /* compress.c */ = {isa = PBXFileReference; explicitFileType = undefined; fileEncoding = 9; includeInIndex = 0; lastKnownFileType = unknown; name = compress.c; path = "cordova-plugin-ionic/compress.c"; sourceTree = "<group>"; };
		034186D84FD74257AA6127F1 /* CDVStatusBar.h */ = {isa = PBXFileReference; explicitFileType = undefined; fileEncoding = 4; includeInIndex = 0; lastKnownFileType = sourcecode.c.h; name = CDVStatusBar.h; path = "cordova-plugin-statusbar/CDVStatusBar.h"; sourceTree = "<group>"; };
		04649FD49CC44C80A635AB98 /* UNIHTTPRequestWithBody.h */ = {isa = PBXFileReference; explicitFileType = undefined; fileEncoding = 4; includeInIndex = 0; lastKnownFileType = sourcecode.c.h; name = UNIHTTPRequestWithBody.h; path = "cordova-plugin-ionic/UNIHTTPRequestWithBody.h"; sourceTree = "<group>"; };
		04D42E2D418E415F8A1C2DF2 /* UNIHTTPRequest.h */ = {isa = PBXFileReference; explicitFileType = undefined; fileEncoding = 4; includeInIndex = 0; lastKnownFileType = sourcecode.c.h; name = UNIHTTPRequest.h; path = "cordova-plugin-ionic/UNIHTTPRequest.h"; sourceTree = "<group>"; };
		09DFD2FB62134FD8AEA926E0 /* GCDWebServerFunctions.h */ = {isa = PBXFileReference; explicitFileType = undefined; fileEncoding = 4; includeInIndex = 0; lastKnownFileType = sourcecode.c.h; name = GCDWebServerFunctions.h; path = "cordova-plugin-ionic-webview/GCDWebServerFunctions.h"; sourceTree = "<group>"; };
		0B1A83E43AFE4BB089670218 /* GCDWebServerURLEncodedFormRequest.h */ = {isa = PBXFileReference; explicitFileType = undefined; fileEncoding = 4; includeInIndex = 0; lastKnownFileType = sourcecode.c.h; name = GCDWebServerURLEncodedFormRequest.h; path = "cordova-plugin-ionic-webview/GCDWebServerURLEncodedFormRequest.h"; sourceTree = "<group>"; };
		1246139DB765474290DEDD97 /* UNIHTTPJsonResponse.h */ = {isa = PBXFileReference; explicitFileType = undefined; fileEncoding = 4; includeInIndex = 0; lastKnownFileType = sourcecode.c.h; name = UNIHTTPJsonResponse.h; path = "cordova-plugin-ionic/UNIHTTPJsonResponse.h"; sourceTree = "<group>"; };
		12E014FC13D44CF9B6CFBD43 /* UNIHTTPResponse.h */ = {isa = PBXFileReference; explicitFileType = undefined; fileEncoding = 4; includeInIndex = 0; lastKnownFileType = sourcecode.c.h; name = UNIHTTPResponse.h; path = "cordova-plugin-ionic/UNIHTTPResponse.h"; sourceTree = "<group>"; };
		136962A93D9146ECB8BA7818 /* GCDWebServerRequest.h */ = {isa = PBXFileReference; explicitFileType = undefined; fileEncoding = 4; includeInIndex = 0; lastKnownFileType = sourcecode.c.h; name = GCDWebServerRequest.h; path = "cordova-plugin-ionic-webview/GCDWebServerRequest.h"; sourceTree = "<group>"; };
		15785C385D5C4D5A9161465F /* gzlib.c */ = {isa = PBXFileReference; explicitFileType = undefined; fileEncoding = 9; includeInIndex = 0; lastKnownFileType = unknown; name = gzlib.c; path = "cordova-plugin-ionic/gzlib.c"; sourceTree = "<group>"; };
		170F463D5D7D447E895F463C /* inftrees.h */ = {isa = PBXFileReference; explicitFileType = undefined; fileEncoding = 4; includeInIndex = 0; lastKnownFileType = sourcecode.c.h; name = inftrees.h; path = "cordova-plugin-ionic/inftrees.h"; sourceTree = "<group>"; };
		17ECF798C26146F087EA55EB /* GCDWebServerURLEncodedFormRequest.m */ = {isa = PBXFileReference; explicitFileType = undefined; fileEncoding = 4; includeInIndex = 0; lastKnownFileType = sourcecode.c.objc; name = GCDWebServerURLEncodedFormRequest.m; path = "cordova-plugin-ionic-webview/GCDWebServerURLEncodedFormRequest.m"; sourceTree = "<group>"; };
		17F53E642D894FE4B601C9FA /* zip.h */ = {isa = PBXFileReference; explicitFileType = undefined; fileEncoding = 4; includeInIndex = 0; lastKnownFileType = sourcecode.c.h; name = zip.h; path = "cordova-plugin-ionic/zip.h"; sourceTree = "<group>"; };
		181199BEA781485E8703D6EC /* UNIJsonNode.m */ = {isa = PBXFileReference; explicitFileType = undefined; fileEncoding = 4; includeInIndex = 0; lastKnownFileType = sourcecode.c.objc; name = UNIJsonNode.m; path = "cordova-plugin-ionic/UNIJsonNode.m"; sourceTree = "<group>"; };
		19C6DB895AF94C5282A83DF9 /* GCDWebServerFunctions.m */ = {isa = PBXFileReference; explicitFileType = undefined; fileEncoding = 4; includeInIndex = 0; lastKnownFileType = sourcecode.c.objc; name = GCDWebServerFunctions.m; path = "cordova-plugin-ionic-webview/GCDWebServerFunctions.m"; sourceTree = "<group>"; };
		1D3623240D0F684500981E51 /* AppDelegate.h */ = {isa = PBXFileReference; fileEncoding = 4; lastKnownFileType = sourcecode.c.h; path = AppDelegate.h; sourceTree = "<group>"; };
		1D3623250D0F684500981E51 /* AppDelegate.m */ = {isa = PBXFileReference; fileEncoding = 4; lastKnownFileType = sourcecode.c.objc; path = AppDelegate.m; sourceTree = "<group>"; };
		1D6058910D05DD3D006BFB54 /* 考研政治.app */ = {isa = PBXFileReference; explicitFileType = wrapper.application; includeInIndex = 0; path = "考研政治.app"; sourceTree = BUILT_PRODUCTS_DIR; };
		1D9743AA3307476B8A7CA30D /* UNIHTTPStringResponse.h */ = {isa = PBXFileReference; explicitFileType = undefined; fileEncoding = 4; includeInIndex = 0; lastKnownFileType = sourcecode.c.h; name = UNIHTTPStringResponse.h; path = "cordova-plugin-ionic/UNIHTTPStringResponse.h"; sourceTree = "<group>"; };
		1DF4F543AA11425BA9FB5638 /* Download.h */ = {isa = PBXFileReference; explicitFileType = undefined; fileEncoding = 4; includeInIndex = 0; lastKnownFileType = sourcecode.c.h; name = Download.h; path = "cordova-plugin-ionic/Download.h"; sourceTree = "<group>"; };
		1F04A4079DA54F319E0C1F34 /* CDVDevice.m */ = {isa = PBXFileReference; explicitFileType = undefined; fileEncoding = 4; includeInIndex = 0; lastKnownFileType = sourcecode.c.objc; name = CDVDevice.m; path = "cordova-plugin-device/CDVDevice.m"; sourceTree = "<group>"; };
		261D7FCF09F14697BDF34872 /* Download.m */ = {isa = PBXFileReference; explicitFileType = undefined; fileEncoding = 4; includeInIndex = 0; lastKnownFileType = sourcecode.c.objc; name = Download.m; path = "cordova-plugin-ionic/Download.m"; sourceTree = "<group>"; };
		2926D0507C604CF0B4E3557A /* inffixed.h */ = {isa = PBXFileReference; explicitFileType = undefined; fileEncoding = 4; includeInIndex = 0; lastKnownFileType = sourcecode.c.h; name = inffixed.h; path = "cordova-plugin-ionic/inffixed.h"; sourceTree = "<group>"; };
		29B97316FDCFA39411CA2CEA /* main.m */ = {isa = PBXFileReference; fileEncoding = 4; lastKnownFileType = sourcecode.c.objc; path = main.m; sourceTree = "<group>"; };
		2C0BCEA3DFB3453491876A4A /* deflate.h */ = {isa = PBXFileReference; explicitFileType = undefined; fileEncoding = 4; includeInIndex = 0; lastKnownFileType = sourcecode.c.h; name = deflate.h; path = "cordova-plugin-ionic/deflate.h"; sourceTree = "<group>"; };
		301BF52D109A57CC0062928A /* CordovaLib/CordovaLib.xcodeproj */ = {isa = PBXFileReference; lastKnownFileType = "wrapper.pb-project"; path = CordovaLib/CordovaLib.xcodeproj; sourceTree = "<group>"; };
		301BF56E109A69640062928A /* www */ = {isa = PBXFileReference; lastKnownFileType = folder; path = www; sourceTree = SOURCE_ROOT; };
		302D95EE14D2391D003F00A1 /* MainViewController.h */ = {isa = PBXFileReference; fileEncoding = 4; lastKnownFileType = sourcecode.c.h; path = MainViewController.h; sourceTree = "<group>"; };
		302D95EF14D2391D003F00A1 /* MainViewController.m */ = {isa = PBXFileReference; fileEncoding = 4; lastKnownFileType = sourcecode.c.objc; path = MainViewController.m; sourceTree = "<group>"; };
		302D95F014D2391D003F00A1 /* MainViewController.xib */ = {isa = PBXFileReference; fileEncoding = 4; lastKnownFileType = file.xib; path = MainViewController.xib; sourceTree = "<group>"; };
		3047A50F1AB8059700498E2A /* build-debug.xcconfig */ = {isa = PBXFileReference; fileEncoding = 4; lastKnownFileType = text.xcconfig; name = "build-debug.xcconfig"; path = "cordova/build-debug.xcconfig"; sourceTree = SOURCE_ROOT; };
		3047A5101AB8059700498E2A /* build-release.xcconfig */ = {isa = PBXFileReference; fileEncoding = 4; lastKnownFileType = text.xcconfig; name = "build-release.xcconfig"; path = "cordova/build-release.xcconfig"; sourceTree = SOURCE_ROOT; };
		3047A5111AB8059700498E2A /* build.xcconfig */ = {isa = PBXFileReference; fileEncoding = 4; lastKnownFileType = text.xcconfig; name = build.xcconfig; path = cordova/build.xcconfig; sourceTree = SOURCE_ROOT; };
		32CA4F630368D1EE00C91783 /* 考研政治-Prefix.pch */ = {isa = PBXFileReference; fileEncoding = 4; lastKnownFileType = sourcecode.c.h; path = "考研政治-Prefix.pch"; sourceTree = "<group>"; };
		33E44205169F40D994D7165A /* sqlite3.h */ = {isa = PBXFileReference; explicitFileType = undefined; fileEncoding = 4; includeInIndex = 0; lastKnownFileType = sourcecode.c.h; name = sqlite3.h; path = "cordova-sqlite-storage/sqlite3.h"; sourceTree = "<group>"; };
		351A067F33A949C8B9F4840B /* GCDWebServerErrorResponse.m */ = {isa = PBXFileReference; explicitFileType = undefined; fileEncoding = 4; includeInIndex = 0; lastKnownFileType = sourcecode.c.objc; name = GCDWebServerErrorResponse.m; path = "cordova-plugin-ionic-webview/GCDWebServerErrorResponse.m"; sourceTree = "<group>"; };
		3938F18C2E26421C9C7C24C5 /* zlib.h */ = {isa = PBXFileReference; explicitFileType = undefined; fileEncoding = 4; includeInIndex = 0; lastKnownFileType = sourcecode.c.h; name = zlib.h; path = "cordova-plugin-ionic/zlib.h"; sourceTree = "<group>"; };
		39F5EBDAFFFE4D53B7AE4A26 /* CDVWKProcessPoolFactory.m */ = {isa = PBXFileReference; explicitFileType = undefined; fileEncoding = 4; includeInIndex = 0; lastKnownFileType = sourcecode.c.objc; name = CDVWKProcessPoolFactory.m; path = "cordova-plugin-ionic-webview/CDVWKProcessPoolFactory.m"; sourceTree = "<group>"; };
		3F11F9BF114F42AEA983D45F /* UNIHTTPStringResponse.m */ = {isa = PBXFileReference; explicitFileType = undefined; fileEncoding = 4; includeInIndex = 0; lastKnownFileType = sourcecode.c.objc; name = UNIHTTPStringResponse.m; path = "cordova-plugin-ionic/UNIHTTPStringResponse.m"; sourceTree = "<group>"; };
		450A93B2737C49B284B0DDC5 /* GCDWebServerStreamedResponse.h */ = {isa = PBXFileReference; explicitFileType = undefined; fileEncoding = 4; includeInIndex = 0; lastKnownFileType = sourcecode.c.h; name = GCDWebServerStreamedResponse.h; path = "cordova-plugin-ionic-webview/GCDWebServerStreamedResponse.h"; sourceTree = "<group>"; };
		4701925DF0644CF197500C6F /* inflate.h */ = {isa = PBXFileReference; explicitFileType = undefined; fileEncoding = 4; includeInIndex = 0; lastKnownFileType = sourcecode.c.h; name = inflate.h; path = "cordova-plugin-ionic/inflate.h"; sourceTree = "<group>"; };
		4A5ABABEB4014EEF8E23326E /* UNISimpleRequest.h */ = {isa = PBXFileReference; explicitFileType = undefined; fileEncoding = 4; includeInIndex = 0; lastKnownFileType = sourcecode.c.h; name = UNISimpleRequest.h; path = "cordova-plugin-ionic/UNISimpleRequest.h"; sourceTree = "<group>"; };
		4D84936408A1460987D8CDC9 /* Base64.m */ = {isa = PBXFileReference; explicitFileType = undefined; fileEncoding = 4; includeInIndex = 0; lastKnownFileType = sourcecode.c.objc; name = Base64.m; path = "cordova-plugin-ionic/Base64.m"; sourceTree = "<group>"; };
		4DDC1497AFCE4FBA978AB84A /* GCDWebServerDataResponse.h */ = {isa = PBXFileReference; explicitFileType = undefined; fileEncoding = 4; includeInIndex = 0; lastKnownFileType = sourcecode.c.h; name = GCDWebServerDataResponse.h; path = "cordova-plugin-ionic-webview/GCDWebServerDataResponse.h"; sourceTree = "<group>"; };
		4E806FFF95C04456A56BC147 /* CDVSplashScreen.m */ = {isa = PBXFileReference; explicitFileType = undefined; fileEncoding = 4; includeInIndex = 0; lastKnownFileType = sourcecode.c.objc; name = CDVSplashScreen.m; path = "cordova-plugin-splashscreen/CDVSplashScreen.m"; sourceTree = "<group>"; };
		50599FDB39F440AFBED18CBD /* unzip.h */ = {isa = PBXFileReference; explicitFileType = undefined; fileEncoding = 4; includeInIndex = 0; lastKnownFileType = sourcecode.c.h; name = unzip.h; path = "cordova-plugin-ionic/unzip.h"; sourceTree = "<group>"; };
		508A071D0FF94BFA89DD86E1 /* GCDWebServerFileResponse.m */ = {isa = PBXFileReference; explicitFileType = undefined; fileEncoding = 4; includeInIndex = 0; lastKnownFileType = sourcecode.c.objc; name = GCDWebServerFileResponse.m; path = "cordova-plugin-ionic-webview/GCDWebServerFileResponse.m"; sourceTree = "<group>"; };
		51067C7632564CC6A41017F8 /* IonicDeploy.m */ = {isa = PBXFileReference; explicitFileType = undefined; fileEncoding = 4; includeInIndex = 0; lastKnownFileType = sourcecode.c.objc; name = IonicDeploy.m; path = "cordova-plugin-ionic/IonicDeploy.m"; sourceTree = "<group>"; };
		530E49C9848E4123B4B93B87 /* inftrees.c */ = {isa = PBXFileReference; explicitFileType = undefined; fileEncoding = 9; includeInIndex = 0; lastKnownFileType = unknown; name = inftrees.c; path = "cordova-plugin-ionic/inftrees.c"; sourceTree = "<group>"; };
		55493088C8E940718256F36A /* unzip.c */ = {isa = PBXFileReference; explicitFileType = undefined; fileEncoding = 9; includeInIndex = 0; lastKnownFileType = unknown; name = unzip.c; path = "cordova-plugin-ionic/unzip.c"; sourceTree = "<group>"; };
		5689BD0AE08F44BB870BE24E /* UNIRest.m */ = {isa = PBXFileReference; explicitFileType = undefined; fileEncoding = 4; includeInIndex = 0; lastKnownFileType = sourcecode.c.objc; name = UNIRest.m; path = "cordova-plugin-ionic/UNIRest.m"; sourceTree = "<group>"; };
		5733AE6370254EF49444E59C /* CDVWKProcessPoolFactory.h */ = {isa = PBXFileReference; explicitFileType = undefined; fileEncoding = 4; includeInIndex = 0; lastKnownFileType = sourcecode.c.h; name = CDVWKProcessPoolFactory.h; path = "cordova-plugin-ionic-webview/CDVWKProcessPoolFactory.h"; sourceTree = "<group>"; };
		5907D1AA198F4914BBFF3474 /* UNIHTTPRequestWithBody.m */ = {isa = PBXFileReference; explicitFileType = undefined; fileEncoding = 4; includeInIndex = 0; lastKnownFileType = sourcecode.c.objc; name = UNIHTTPRequestWithBody.m; path = "cordova-plugin-ionic/UNIHTTPRequestWithBody.m"; sourceTree = "<group>"; };
		59750E72E51846998AC16F1C /* GCDWebServerDataRequest.m */ = {isa = PBXFileReference; explicitFileType = undefined; fileEncoding = 4; includeInIndex = 0; lastKnownFileType = sourcecode.c.objc; name = GCDWebServerDataRequest.m; path = "cordova-plugin-ionic-webview/GCDWebServerDataRequest.m"; sourceTree = "<group>"; };
		5DCB308307ED4C7FB5339647 /* CDVDevice.h */ = {isa = PBXFileReference; explicitFileType = undefined; fileEncoding = 4; includeInIndex = 0; lastKnownFileType = sourcecode.c.h; name = CDVDevice.h; path = "cordova-plugin-device/CDVDevice.h"; sourceTree = "<group>"; };
		5E6C7460674A4E7F8CB14F97 /* DownloadManager.m */ = {isa = PBXFileReference; explicitFileType = undefined; fileEncoding = 4; includeInIndex = 0; lastKnownFileType = sourcecode.c.objc; name = DownloadManager.m; path = "cordova-plugin-ionic/DownloadManager.m"; sourceTree = "<group>"; };
		5FBF5A640DBF4681B312DAA4 /* gzwrite.c */ = {isa = PBXFileReference; explicitFileType = undefined; fileEncoding = 9; includeInIndex = 0; lastKnownFileType = unknown; name = gzwrite.c; path = "cordova-plugin-ionic/gzwrite.c"; sourceTree = "<group>"; };
		6034F8E5BD00417F8F1203F0 /* DownloadManager.h */ = {isa = PBXFileReference; explicitFileType = undefined; fileEncoding = 4; includeInIndex = 0; lastKnownFileType = sourcecode.c.h; name = DownloadManager.h; path = "cordova-plugin-ionic/DownloadManager.h"; sourceTree = "<group>"; };
		60AA6444FA5F422E860CDB41 /* SQLitePlugin.h */ = {isa = PBXFileReference; explicitFileType = undefined; fileEncoding = 4; includeInIndex = 0; lastKnownFileType = sourcecode.c.h; name = SQLitePlugin.h; path = "cordova-sqlite-storage/SQLitePlugin.h"; sourceTree = "<group>"; };
		60DFFD6F41C94FFD9DB84076 /* UNIRest.h */ = {isa = PBXFileReference; explicitFileType = undefined; fileEncoding = 4; includeInIndex = 0; lastKnownFileType = sourcecode.c.h; name = UNIRest.h; path = "cordova-plugin-ionic/UNIRest.h"; sourceTree = "<group>"; };
		6174F98BAD2A4749851F9DEB /* IonicConstant.m */ = {isa = PBXFileReference; explicitFileType = undefined; fileEncoding = 4; includeInIndex = 0; lastKnownFileType = sourcecode.c.objc; name = IonicConstant.m; path = "cordova-plugin-ionic/IonicConstant.m"; sourceTree = "<group>"; };
		61967B433BFB439087F5FE61 /* UNIHTTPClientHelper.m */ = {isa = PBXFileReference; explicitFileType = undefined; fileEncoding = 4; includeInIndex = 0; lastKnownFileType = sourcecode.c.objc; name = UNIHTTPClientHelper.m; path = "cordova-plugin-ionic/UNIHTTPClientHelper.m"; sourceTree = "<group>"; };
		62AC0426A0E643ACA0DED96A /* GCDWebServerErrorResponse.h */ = {isa = PBXFileReference; explicitFileType = undefined; fileEncoding = 4; includeInIndex = 0; lastKnownFileType = sourcecode.c.h; name = GCDWebServerErrorResponse.h; path = "cordova-plugin-ionic-webview/GCDWebServerErrorResponse.h"; sourceTree = "<group>"; };
		62FB8CACDEB74E6885FCFD98 /* SSZipArchive.h */ = {isa = PBXFileReference; explicitFileType = undefined; fileEncoding = 4; includeInIndex = 0; lastKnownFileType = sourcecode.c.h; name = SSZipArchive.h; path = "cordova-plugin-ionic/SSZipArchive.h"; sourceTree = "<group>"; };
		639FBDB75F8946C19AF81C5D /* GCDWebServerMultiPartFormRequest.h */ = {isa = PBXFileReference; explicitFileType = undefined; fileEncoding = 4; includeInIndex = 0; lastKnownFileType = sourcecode.c.h; name = GCDWebServerMultiPartFormRequest.h; path = "cordova-plugin-ionic-webview/GCDWebServerMultiPartFormRequest.h"; sourceTree = "<group>"; };
		64E68F529FC54573B4373E67 /* GCDWebServerResponse.m */ = {isa = PBXFileReference; explicitFileType = undefined; fileEncoding = 4; includeInIndex = 0; lastKnownFileType = sourcecode.c.objc; name = GCDWebServerResponse.m; path = "cordova-plugin-ionic-webview/GCDWebServerResponse.m"; sourceTree = "<group>"; };
		65A89AD8A9D04A78A2EA8BDC /* UNIBaseRequest.h */ = {isa = PBXFileReference; explicitFileType = undefined; fileEncoding = 4; includeInIndex = 0; lastKnownFileType = sourcecode.c.h; name = UNIBaseRequest.h; path = "cordova-plugin-ionic/UNIBaseRequest.h"; sourceTree = "<group>"; };
		660BF080CA19460EA945FE58 /* IonicKeyboard.h */ = {isa = PBXFileReference; explicitFileType = undefined; fileEncoding = 4; includeInIndex = 0; lastKnownFileType = sourcecode.c.h; name = IonicKeyboard.h; path = "ionic-plugin-keyboard/IonicKeyboard.h"; sourceTree = "<group>"; };
		661DCA53795D42A0ADE99434 /* GCDWebServerPrivate.h */ = {isa = PBXFileReference; explicitFileType = undefined; fileEncoding = 4; includeInIndex = 0; lastKnownFileType = sourcecode.c.h; name = GCDWebServerPrivate.h; path = "cordova-plugin-ionic-webview/GCDWebServerPrivate.h"; sourceTree = "<group>"; };
		67312CDB7B1E4C56B4684A2B /* infback.c */ = {isa = PBXFileReference; explicitFileType = undefined; fileEncoding = 9; includeInIndex = 0; lastKnownFileType = unknown; name = infback.c; path = "cordova-plugin-ionic/infback.c"; sourceTree = "<group>"; };
		6A7E5836850D4850B629728E /* GCDWebServerRequest.m */ = {isa = PBXFileReference; explicitFileType = undefined; fileEncoding = 4; includeInIndex = 0; lastKnownFileType = sourcecode.c.objc; name = GCDWebServerRequest.m; path = "cordova-plugin-ionic-webview/GCDWebServerRequest.m"; sourceTree = "<group>"; };
		6AFF5BF81D6E424B00AB3073 /* CDVLaunchScreen.storyboard */ = {isa = PBXFileReference; fileEncoding = 4; lastKnownFileType = file.storyboard; name = CDVLaunchScreen.storyboard; path = "考研政治/CDVLaunchScreen.storyboard"; sourceTree = SOURCE_ROOT; };
		72C3DBA68A1F40D28EEDE708 /* IonicCordovaCommon.swift */ = {isa = PBXFileReference; explicitFileType = undefined; fileEncoding = 4; includeInIndex = 0; lastKnownFileType = sourcecode.swift; name = IonicCordovaCommon.swift; path = "cordova-plugin-ionic/IonicCordovaCommon.swift"; sourceTree = "<group>"; };
		7388432D5A124B6E8744BE55 /* SSZipArchive.m */ = {isa = PBXFileReference; explicitFileType = undefined; fileEncoding = 4; includeInIndex = 0; lastKnownFileType = sourcecode.c.objc; name = SSZipArchive.m; path = "cordova-plugin-ionic/SSZipArchive.m"; sourceTree = "<group>"; };
		73B08BF2B9604513B6AA7644 /* GCDWebServerResponse.h */ = {isa = PBXFileReference; explicitFileType = undefined; fileEncoding = 4; includeInIndex = 0; lastKnownFileType = sourcecode.c.h; name = GCDWebServerResponse.h; path = "cordova-plugin-ionic-webview/GCDWebServerResponse.h"; sourceTree = "<group>"; };
		748374109D3D46769C133C95 /* UNIBaseRequest.m */ = {isa = PBXFileReference; explicitFileType = undefined; fileEncoding = 4; includeInIndex = 0; lastKnownFileType = sourcecode.c.objc; name = UNIBaseRequest.m; path = "cordova-plugin-ionic/UNIBaseRequest.m"; sourceTree = "<group>"; };
		778377525F444712964B3B3D /* GCDWebServerFileRequest.m */ = {isa = PBXFileReference; explicitFileType = undefined; fileEncoding = 4; includeInIndex = 0; lastKnownFileType = sourcecode.c.objc; name = GCDWebServerFileRequest.m; path = "cordova-plugin-ionic-webview/GCDWebServerFileRequest.m"; sourceTree = "<group>"; };
		79D3023EE0AF48DAB03E2F04 /* GCDWebServerMultiPartFormRequest.m */ = {isa = PBXFileReference; explicitFileType = undefined; fileEncoding = 4; includeInIndex = 0; lastKnownFileType = sourcecode.c.objc; name = GCDWebServerMultiPartFormRequest.m; path = "cordova-plugin-ionic-webview/GCDWebServerMultiPartFormRequest.m"; sourceTree = "<group>"; };
		7BB5FD0DC78C458A80421CF6 /* UNIHTTPResponse.m */ = {isa = PBXFileReference; explicitFileType = undefined; fileEncoding = 4; includeInIndex = 0; lastKnownFileType = sourcecode.c.objc; name = UNIHTTPResponse.m; path = "cordova-plugin-ionic/UNIHTTPResponse.m"; sourceTree = "<group>"; };
		7CA18E4117754828973952F6 /* zconf.h */ = {isa = PBXFileReference; explicitFileType = undefined; fileEncoding = 4; includeInIndex = 0; lastKnownFileType = sourcecode.c.h; name = zconf.h; path = "cordova-plugin-ionic/zconf.h"; sourceTree = "<group>"; };
		7E846285B1054C8E8A4D5778 /* IonicConstant.h */ = {isa = PBXFileReference; explicitFileType = undefined; fileEncoding = 4; includeInIndex = 0; lastKnownFileType = sourcecode.c.h; name = IonicConstant.h; path = "cordova-plugin-ionic/IonicConstant.h"; sourceTree = "<group>"; };
		7ECDA4994F0E41C5897674F2 /* CDVWKWebViewUIDelegate.h */ = {isa = PBXFileReference; explicitFileType = undefined; fileEncoding = 4; includeInIndex = 0; lastKnownFileType = sourcecode.c.h; name = CDVWKWebViewUIDelegate.h; path = "cordova-plugin-ionic-webview/CDVWKWebViewUIDelegate.h"; sourceTree = "<group>"; };
		8240396273FC4C4EAE57CE56 /* CDVViewController+SplashScreen.m */ = {isa = PBXFileReference; explicitFileType = undefined; fileEncoding = 4; includeInIndex = 0; lastKnownFileType = sourcecode.c.objc; name = "CDVViewController+SplashScreen.m"; path = "cordova-plugin-splashscreen/CDVViewController+SplashScreen.m"; sourceTree = "<group>"; };
		82450A7CAE1D4C0FAE5AB576 /* GCDWebServerDataRequest.h */ = {isa = PBXFileReference; explicitFileType = undefined; fileEncoding = 4; includeInIndex = 0; lastKnownFileType = sourcecode.c.h; name = GCDWebServerDataRequest.h; path = "cordova-plugin-ionic-webview/GCDWebServerDataRequest.h"; sourceTree = "<group>"; };
		8344E3A6D4A1471BA0A09177 /* Unirest-Prefix.pch */ = {isa = PBXFileReference; explicitFileType = undefined; fileEncoding = 4; includeInIndex = 0; lastKnownFileType = sourcecode.c.h; name = "Unirest-Prefix.pch"; path = "cordova-plugin-ionic/Unirest-Prefix.pch"; sourceTree = "<group>"; };
		8700B412008E45CBB3F3AC64 /* CDVSplashScreen.h */ = {isa = PBXFileReference; explicitFileType = undefined; fileEncoding = 4; includeInIndex = 0; lastKnownFileType = sourcecode.c.h; name = CDVSplashScreen.h; path = "cordova-plugin-splashscreen/CDVSplashScreen.h"; sourceTree = "<group>"; };
		873B336770974426B38EB7E4 /* sqlite3.c */ = {isa = PBXFileReference; explicitFileType = undefined; fileEncoding = 9; includeInIndex = 0; lastKnownFileType = unknown; name = sqlite3.c; path = "cordova-sqlite-storage/sqlite3.c"; sourceTree = "<group>"; };
		88F1A9DDC0F9412F825DD949 /* gzguts.h */ = {isa = PBXFileReference; explicitFileType = undefined; fileEncoding = 4; includeInIndex = 0; lastKnownFileType = sourcecode.c.h; name = gzguts.h; path = "cordova-plugin-ionic/gzguts.h"; sourceTree = "<group>"; };
		8ADD44EA5CFA40AB987BAF8B /* adler32.c */ = {isa = PBXFileReference; explicitFileType = undefined; fileEncoding = 9; includeInIndex = 0; lastKnownFileType = unknown; name = adler32.c; path = "cordova-plugin-ionic/adler32.c"; sourceTree = "<group>"; };
		8D1107310486CEB800E47090 /* 考研政治-Info.plist */ = {isa = PBXFileReference; fileEncoding = 4; lastKnownFileType = text.plist.xml; name = "考研政治-Info.plist"; path = "考研政治/考研政治-Info.plist"; plistStructureDefinitionIdentifier = "com.apple.xcode.plist.structure-definition.iphone.info-plist"; sourceTree = SOURCE_ROOT; };
		8E9D59311AEB400F991AE11A /* GCDWebServerDataResponse.m */ = {isa = PBXFileReference; explicitFileType = undefined; fileEncoding = 4; includeInIndex = 0; lastKnownFileType = sourcecode.c.objc; name = GCDWebServerDataResponse.m; path = "cordova-plugin-ionic-webview/GCDWebServerDataResponse.m"; sourceTree = "<group>"; };
		9701B20508714703B960F85B /* GCDWebServer.h */ = {isa = PBXFileReference; explicitFileType = undefined; fileEncoding = 4; includeInIndex = 0; lastKnownFileType = sourcecode.c.h; name = GCDWebServer.h; path = "cordova-plugin-ionic-webview/GCDWebServer.h"; sourceTree = "<group>"; };
		9D153181428D48FD84DBA711 /* CDVStatusBar.m */ = {isa = PBXFileReference; explicitFileType = undefined; fileEncoding = 4; includeInIndex = 0; lastKnownFileType = sourcecode.c.objc; name = CDVStatusBar.m; path = "cordova-plugin-statusbar/CDVStatusBar.m"; sourceTree = "<group>"; };
		9D35EF9918DE4ADBBA8507CD /* UNIUrlConnection.h */ = {isa = PBXFileReference; explicitFileType = undefined; fileEncoding = 4; includeInIndex = 0; lastKnownFileType = sourcecode.c.h; name = UNIUrlConnection.h; path = "cordova-plugin-ionic/UNIUrlConnection.h"; sourceTree = "<group>"; };
		A51BE481C59A4EEB8C0090C7 /* SQLitePlugin.m */ = {isa = PBXFileReference; explicitFileType = undefined; fileEncoding = 4; includeInIndex = 0; lastKnownFileType = sourcecode.c.objc; name = SQLitePlugin.m; path = "cordova-sqlite-storage/SQLitePlugin.m"; sourceTree = "<group>"; };
		A5B2C9943DD740A9A4072DF1 /* UNIHTTPBinaryResponse.h */ = {isa = PBXFileReference; explicitFileType = undefined; fileEncoding = 4; includeInIndex = 0; lastKnownFileType = sourcecode.c.h; name = UNIHTTPBinaryResponse.h; path = "cordova-plugin-ionic/UNIHTTPBinaryResponse.h"; sourceTree = "<group>"; };
		AC7DFCE04AF64BFB9514D76B /* UNIBodyRequest.m */ = {isa = PBXFileReference; explicitFileType = undefined; fileEncoding = 4; includeInIndex = 0; lastKnownFileType = sourcecode.c.objc; name = UNIBodyRequest.m; path = "cordova-plugin-ionic/UNIBodyRequest.m"; sourceTree = "<group>"; };
		ACAEEC2C6EA547D18CAAF39A /* GCDWebServerStreamedResponse.m */ = {isa = PBXFileReference; explicitFileType = undefined; fileEncoding = 4; includeInIndex = 0; lastKnownFileType = sourcecode.c.objc; name = GCDWebServerStreamedResponse.m; path = "cordova-plugin-ionic-webview/GCDWebServerStreamedResponse.m"; sourceTree = "<group>"; };
		ACC77E2A5A8F42C8824CFC8E /* deflate.c */ = {isa = PBXFileReference; explicitFileType = undefined; fileEncoding = 9; includeInIndex = 0; lastKnownFileType = unknown; name = deflate.c; path = "cordova-plugin-ionic/deflate.c"; sourceTree = "<group>"; };
		AEA3A087663B4B9E82055809 /* CDVOrientation.h */ = {isa = PBXFileReference; explicitFileType = undefined; fileEncoding = 4; includeInIndex = 0; lastKnownFileType = sourcecode.c.h; name = CDVOrientation.h; path = "cordova-plugin-screen-orientation/CDVOrientation.h"; sourceTree = "<group>"; };
		AF115C8D5B1449F283CC73AE /* GCDWebServerConnection.h */ = {isa = PBXFileReference; explicitFileType = undefined; fileEncoding = 4; includeInIndex = 0; lastKnownFileType = sourcecode.c.h; name = GCDWebServerConnection.h; path = "cordova-plugin-ionic-webview/GCDWebServerConnection.h"; sourceTree = "<group>"; };
		AFC5D33DC896434B88CC87F6 /* UNIBodyRequest.h */ = {isa = PBXFileReference; explicitFileType = undefined; fileEncoding = 4; includeInIndex = 0; lastKnownFileType = sourcecode.c.h; name = UNIBodyRequest.h; path = "cordova-plugin-ionic/UNIBodyRequest.h"; sourceTree = "<group>"; };
		B036980DD1454D5299B752F1 /* libz.tbd */ = {isa = PBXFileReference; explicitFileType = undefined; fileEncoding = 9; includeInIndex = 0; lastKnownFileType = "sourcecode.text-based-dylib-definition"; name = libz.tbd; path = usr/lib/libz.tbd; sourceTree = SDKROOT; };
		B19FDACE3DB84099B6A7009B /* CDVWKWebViewUIDelegate.m */ = {isa = PBXFileReference; explicitFileType = undefined; fileEncoding = 4; includeInIndex = 0; lastKnownFileType = sourcecode.c.objc; name = CDVWKWebViewUIDelegate.m; path = "cordova-plugin-ionic-webview/CDVWKWebViewUIDelegate.m"; sourceTree = "<group>"; };
		B387A6A864894C999BA0D8C9 /* ioapi.c */ = {isa = PBXFileReference; explicitFileType = undefined; fileEncoding = 9; includeInIndex = 0; lastKnownFileType = unknown; name = ioapi.c; path = "cordova-plugin-ionic/ioapi.c"; sourceTree = "<group>"; };
		B41DE6CB511248008EB7B2C2 /* uncompr.c */ = {isa = PBXFileReference; explicitFileType = undefined; fileEncoding = 9; includeInIndex = 0; lastKnownFileType = unknown; name = uncompr.c; path = "cordova-plugin-ionic/uncompr.c"; sourceTree = "<group>"; };
		B64F84F107E34379A232BC89 /* GCDWebServerFileResponse.h */ = {isa = PBXFileReference; explicitFileType = undefined; fileEncoding = 4; includeInIndex = 0; lastKnownFileType = sourcecode.c.h; name = GCDWebServerFileResponse.h; path = "cordova-plugin-ionic-webview/GCDWebServerFileResponse.h"; sourceTree = "<group>"; };
		B7D1B355B6E94DCE86F81628 /* IonicKeyboard.m */ = {isa = PBXFileReference; explicitFileType = undefined; fileEncoding = 4; includeInIndex = 0; lastKnownFileType = sourcecode.c.objc; name = IonicKeyboard.m; path = "ionic-plugin-keyboard/IonicKeyboard.m"; sourceTree = "<group>"; };
		BA197520E86E4E8A84D3D4BA /* IonicDeploy.h */ = {isa = PBXFileReference; explicitFileType = undefined; fileEncoding = 4; includeInIndex = 0; lastKnownFileType = sourcecode.c.h; name = IonicDeploy.h; path = "cordova-plugin-ionic/IonicDeploy.h"; sourceTree = "<group>"; };
		BDFDDA54B59943C1A9F53616 /* zutil.h */ = {isa = PBXFileReference; explicitFileType = undefined; fileEncoding = 4; includeInIndex = 0; lastKnownFileType = sourcecode.c.h; name = zutil.h; path = "cordova-plugin-ionic/zutil.h"; sourceTree = "<group>"; };
		BF9F916B2C4E428BB591FD5A /* UNIHTTPClientHelper.h */ = {isa = PBXFileReference; explicitFileType = undefined; fileEncoding = 4; includeInIndex = 0; lastKnownFileType = sourcecode.c.h; name = UNIHTTPClientHelper.h; path = "cordova-plugin-ionic/UNIHTTPClientHelper.h"; sourceTree = "<group>"; };
		C00008C4AEFF49449930A113 /* ARCHelper.h */ = {isa = PBXFileReference; explicitFileType = undefined; fileEncoding = 4; includeInIndex = 0; lastKnownFileType = sourcecode.c.h; name = ARCHelper.h; path = "cordova-plugin-ionic/ARCHelper.h"; sourceTree = "<group>"; };
		C1CF1CEDC857420E8FEC7AE7 /* trees.c */ = {isa = PBXFileReference; explicitFileType = undefined; fileEncoding = 9; includeInIndex = 0; lastKnownFileType = unknown; name = trees.c; path = "cordova-plugin-ionic/trees.c"; sourceTree = "<group>"; };
		C44BD0F199014088A4E7A262 /* crc32.c */ = {isa = PBXFileReference; explicitFileType = undefined; fileEncoding = 9; includeInIndex = 0; lastKnownFileType = unknown; name = crc32.c; path = "cordova-plugin-ionic/crc32.c"; sourceTree = "<group>"; };
		C65FDB4BC86E44CE9EE0685D /* zutil.c */ = {isa = PBXFileReference; explicitFileType = undefined; fileEncoding = 9; includeInIndex = 0; lastKnownFileType = unknown; name = zutil.c; path = "cordova-plugin-ionic/zutil.c"; sourceTree = "<group>"; };
		C82C227D39D148A69E5D0564 /* WebKit.framework */ = {isa = PBXFileReference; explicitFileType = undefined; fileEncoding = 9; includeInIndex = 0; lastKnownFileType = wrapper.framework; name = WebKit.framework; path = System/Library/Frameworks/WebKit.framework; sourceTree = SDKROOT; };
		C8B46B1927264BD18FC75923 /* UNIHTTPBinaryResponse.m */ = {isa = PBXFileReference; explicitFileType = undefined; fileEncoding = 4; includeInIndex = 0; lastKnownFileType = sourcecode.c.objc; name = UNIHTTPBinaryResponse.m; path = "cordova-plugin-ionic/UNIHTTPBinaryResponse.m"; sourceTree = "<group>"; };
		C91E450F419E4B4D94997B0C /* inffast.c */ = {isa = PBXFileReference; explicitFileType = undefined; fileEncoding = 9; includeInIndex = 0; lastKnownFileType = unknown; name = inffast.c; path = "cordova-plugin-ionic/inffast.c"; sourceTree = "<group>"; };
		C9E45769DB4D4188ADD9EB00 /* inflate.c */ = {isa = PBXFileReference; explicitFileType = undefined; fileEncoding = 9; includeInIndex = 0; lastKnownFileType = unknown; name = inflate.c; path = "cordova-plugin-ionic/inflate.c"; sourceTree = "<group>"; };
		CBE92C0596954A15B6908FC8 /* CDVViewController+SplashScreen.h */ = {isa = PBXFileReference; explicitFileType = undefined; fileEncoding = 4; includeInIndex = 0; lastKnownFileType = sourcecode.c.h; name = "CDVViewController+SplashScreen.h"; path = "cordova-plugin-splashscreen/CDVViewController+SplashScreen.h"; sourceTree = "<group>"; };
		CD4C5189B4FB43AE8802DE18 /* CDVOrientation.m */ = {isa = PBXFileReference; explicitFileType = undefined; fileEncoding = 4; includeInIndex = 0; lastKnownFileType = sourcecode.c.objc; name = CDVOrientation.m; path = "cordova-plugin-screen-orientation/CDVOrientation.m"; sourceTree = "<group>"; };
		CDD38A28AF3E4B3A9F5188E2 /* UNIHTTPJsonResponse.m */ = {isa = PBXFileReference; explicitFileType = undefined; fileEncoding = 4; includeInIndex = 0; lastKnownFileType = sourcecode.c.objc; name = UNIHTTPJsonResponse.m; path = "cordova-plugin-ionic/UNIHTTPJsonResponse.m"; sourceTree = "<group>"; };
		CEBEC64FF9B340DEBA9F4975 /* UNISimpleRequest.m */ = {isa = PBXFileReference; explicitFileType = undefined; fileEncoding = 4; includeInIndex = 0; lastKnownFileType = sourcecode.c.objc; name = UNISimpleRequest.m; path = "cordova-plugin-ionic/UNISimpleRequest.m"; sourceTree = "<group>"; };
		D53EBAAEEDC84DF6B43B1A71 /* gzclose.c */ = {isa = PBXFileReference; explicitFileType = undefined; fileEncoding = 9; includeInIndex = 0; lastKnownFileType = unknown; name = gzclose.c; path = "cordova-plugin-ionic/gzclose.c"; sourceTree = "<group>"; };
		D7042AEB5BD44B779458CC23 /* Base64.h */ = {isa = PBXFileReference; explicitFileType = undefined; fileEncoding = 4; includeInIndex = 0; lastKnownFileType = sourcecode.c.h; name = Base64.h; path = "cordova-plugin-ionic/Base64.h"; sourceTree = "<group>"; };
		D78BF6695770406BB031CC59 /* CDVWKWebViewEngine.h */ = {isa = PBXFileReference; explicitFileType = undefined; fileEncoding = 4; includeInIndex = 0; lastKnownFileType = sourcecode.c.h; name = CDVWKWebViewEngine.h; path = "cordova-plugin-ionic-webview/CDVWKWebViewEngine.h"; sourceTree = "<group>"; };
		D82654DD90274F71BD63484E /* CDVSplashScreen+IonicDeploy.m */ = {isa = PBXFileReference; explicitFileType = undefined; fileEncoding = 4; includeInIndex = 0; lastKnownFileType = sourcecode.c.objc; name = "CDVSplashScreen+IonicDeploy.m"; path = "cordova-plugin-ionic/CDVSplashScreen+IonicDeploy.m"; sourceTree = "<group>"; };
		D890BFB8C33A4917998E5D5D /* GCDWebServerFileRequest.h */ = {isa = PBXFileReference; explicitFileType = undefined; fileEncoding = 4; includeInIndex = 0; lastKnownFileType = sourcecode.c.h; name = GCDWebServerFileRequest.h; path = "cordova-plugin-ionic-webview/GCDWebServerFileRequest.h"; sourceTree = "<group>"; };
		DB495499F74C490E83CA4A41 /* trees.h */ = {isa = PBXFileReference; explicitFileType = undefined; fileEncoding = 4; includeInIndex = 0; lastKnownFileType = sourcecode.c.h; name = trees.h; path = "cordova-plugin-ionic/trees.h"; sourceTree = "<group>"; };
		DC3A57A65BEF4C2E969233F1 /* gzread.c */ = {isa = PBXFileReference; explicitFileType = undefined; fileEncoding = 9; includeInIndex = 0; lastKnownFileType = unknown; name = gzread.c; path = "cordova-plugin-ionic/gzread.c"; sourceTree = "<group>"; };
		E075A02D15D84AC08EEF6BD7 /* GCDWebServerConnection.m */ = {isa = PBXFileReference; explicitFileType = undefined; fileEncoding = 4; includeInIndex = 0; lastKnownFileType = sourcecode.c.objc; name = GCDWebServerConnection.m; path = "cordova-plugin-ionic-webview/GCDWebServerConnection.m"; sourceTree = "<group>"; };
		E3E64E00D8F7405283B5C05E /* GCDWebServer.m */ = {isa = PBXFileReference; explicitFileType = undefined; fileEncoding = 4; includeInIndex = 0; lastKnownFileType = sourcecode.c.objc; name = GCDWebServer.m; path = "cordova-plugin-ionic-webview/GCDWebServer.m"; sourceTree = "<group>"; };
		E42C33DE13B843A4B3E8F108 /* GCDWebServerHTTPStatusCodes.h */ = {isa = PBXFileReference; explicitFileType = undefined; fileEncoding = 4; includeInIndex = 0; lastKnownFileType = sourcecode.c.h; name = GCDWebServerHTTPStatusCodes.h; path = "cordova-plugin-ionic-webview/GCDWebServerHTTPStatusCodes.h"; sourceTree = "<group>"; };
		E5CE878039C0493486834FA8 /* ioapi.h */ = {isa = PBXFileReference; explicitFileType = undefined; fileEncoding = 4; includeInIndex = 0; lastKnownFileType = sourcecode.c.h; name = ioapi.h; path = "cordova-plugin-ionic/ioapi.h"; sourceTree = "<group>"; };
		E83D0875C48E4592A020054D /* CDVWKWebViewEngine.m */ = {isa = PBXFileReference; explicitFileType = undefined; fileEncoding = 4; includeInIndex = 0; lastKnownFileType = sourcecode.c.objc; name = CDVWKWebViewEngine.m; path = "cordova-plugin-ionic-webview/CDVWKWebViewEngine.m"; sourceTree = "<group>"; };
		EA031847C3AE4AF9829A9C9D /* crc32.h */ = {isa = PBXFileReference; explicitFileType = undefined; fileEncoding = 4; includeInIndex = 0; lastKnownFileType = sourcecode.c.h; name = crc32.h; path = "cordova-plugin-ionic/crc32.h"; sourceTree = "<group>"; };
		EB86C25E32F24781AE843FB6 /* UNIUrlConnection.m */ = {isa = PBXFileReference; explicitFileType = undefined; fileEncoding = 4; includeInIndex = 0; lastKnownFileType = sourcecode.c.objc; name = UNIUrlConnection.m; path = "cordova-plugin-ionic/UNIUrlConnection.m"; sourceTree = "<group>"; };
		EB87FDF31871DA8E0020F90C /* www */ = {isa = PBXFileReference; lastKnownFileType = folder; name = www; path = ../../www; sourceTree = "<group>"; };
		EB87FDF41871DAF40020F90C /* config.xml */ = {isa = PBXFileReference; lastKnownFileType = text.xml; name = config.xml; path = ../../config.xml; sourceTree = "<group>"; };
		ED33DF2A687741AEAF9F8254 /* Bridging-Header.h */ = {isa = PBXFileReference; fileEncoding = 4; lastKnownFileType = sourcecode.c.h; path = "Bridging-Header.h"; sourceTree = "<group>"; };
		EFBB93529F7E44BBBFBA9DE5 /* UNIHTTPRequest.m */ = {isa = PBXFileReference; explicitFileType = undefined; fileEncoding = 4; includeInIndex = 0; lastKnownFileType = sourcecode.c.objc; name = UNIHTTPRequest.m; path = "cordova-plugin-ionic/UNIHTTPRequest.m"; sourceTree = "<group>"; };
		F4B9F88B490A48D494E79A41 /* UNIJsonNode.h */ = {isa = PBXFileReference; explicitFileType = undefined; fileEncoding = 4; includeInIndex = 0; lastKnownFileType = sourcecode.c.h; name = UNIJsonNode.h; path = "cordova-plugin-ionic/UNIJsonNode.h"; sourceTree = "<group>"; };
		F5D3C8AAB10F49D083447ACA /* crypt.h */ = {isa = PBXFileReference; explicitFileType = undefined; fileEncoding = 4; includeInIndex = 0; lastKnownFileType = sourcecode.c.h; name = crypt.h; path = "cordova-plugin-ionic/crypt.h"; sourceTree = "<group>"; };
		F7F244C20F334AE185DED816 /* inffast.h */ = {isa = PBXFileReference; explicitFileType = undefined; fileEncoding = 4; includeInIndex = 0; lastKnownFileType = sourcecode.c.h; name = inffast.h; path = "cordova-plugin-ionic/inffast.h"; sourceTree = "<group>"; };
		F840E1F0165FE0F500CFE078 /* config.xml */ = {isa = PBXFileReference; lastKnownFileType = text.xml; name = config.xml; path = "考研政治/config.xml"; sourceTree = "<group>"; };
		FCE5F708A3B048A19C01BBDF /* zip.c */ = {isa = PBXFileReference; explicitFileType = undefined; fileEncoding = 9; includeInIndex = 0; lastKnownFileType = unknown; name = zip.c; path = "cordova-plugin-ionic/zip.c"; sourceTree = "<group>"; };
		E026A12D7D4642A798DC2B3F /* UIImage+CropScaleOrientation.m */ = {isa = PBXFileReference; name = "UIImage+CropScaleOrientation.m"; path = "cordova-plugin-camera/UIImage+CropScaleOrientation.m"; sourceTree = "<group>"; fileEncoding = 4; lastKnownFileType = sourcecode.c.objc; explicitFileType = undefined; includeInIndex = 0; };
		6D5377DBD9D84B6C86F3361A /* CDVCamera.m */ = {isa = PBXFileReference; name = "CDVCamera.m"; path = "cordova-plugin-camera/CDVCamera.m"; sourceTree = "<group>"; fileEncoding = 4; lastKnownFileType = sourcecode.c.objc; explicitFileType = undefined; includeInIndex = 0; };
		649028DC24BC404D80F09BD6 /* CDVJpegHeaderWriter.m */ = {isa = PBXFileReference; name = "CDVJpegHeaderWriter.m"; path = "cordova-plugin-camera/CDVJpegHeaderWriter.m"; sourceTree = "<group>"; fileEncoding = 4; lastKnownFileType = sourcecode.c.objc; explicitFileType = undefined; includeInIndex = 0; };
		EA6AE059DD224378B49E11FD /* UIImage+CropScaleOrientation.h */ = {isa = PBXFileReference; name = "UIImage+CropScaleOrientation.h"; path = "cordova-plugin-camera/UIImage+CropScaleOrientation.h"; sourceTree = "<group>"; fileEncoding = 4; lastKnownFileType = sourcecode.c.h; explicitFileType = undefined; includeInIndex = 0; };
		5B37461973064A33BD7C47C7 /* CDVCamera.h */ = {isa = PBXFileReference; name = "CDVCamera.h"; path = "cordova-plugin-camera/CDVCamera.h"; sourceTree = "<group>"; fileEncoding = 4; lastKnownFileType = sourcecode.c.h; explicitFileType = undefined; includeInIndex = 0; };
		A1A74705E2C94F7186711106 /* CDVJpegHeaderWriter.h */ = {isa = PBXFileReference; name = "CDVJpegHeaderWriter.h"; path = "cordova-plugin-camera/CDVJpegHeaderWriter.h"; sourceTree = "<group>"; fileEncoding = 4; lastKnownFileType = sourcecode.c.h; explicitFileType = undefined; includeInIndex = 0; };
		11E887C4E22144509AED8E3F /* CDVExif.h */ = {isa = PBXFileReference; name = "CDVExif.h"; path = "cordova-plugin-camera/CDVExif.h"; sourceTree = "<group>"; fileEncoding = 4; lastKnownFileType = sourcecode.c.h; explicitFileType = undefined; includeInIndex = 0; };
		0F8C69DD883B461FB4D11D02 /* ImageIO.framework */ = {isa = PBXFileReference; name = "ImageIO.framework"; path = "System/Library/Frameworks/ImageIO.framework"; sourceTree = SDKROOT; fileEncoding = undefined; lastKnownFileType = wrapper.framework; explicitFileType = undefined; includeInIndex = 0; };
		229D5EEB96D6481B85346C03 /* CoreLocation.framework */ = {isa = PBXFileReference; name = "CoreLocation.framework"; path = "System/Library/Frameworks/CoreLocation.framework"; sourceTree = SDKROOT; fileEncoding = undefined; lastKnownFileType = wrapper.framework; explicitFileType = undefined; includeInIndex = 0; };
		A8A914CC744F447CB27793AA /* AVFoundation.framework */ = {isa = PBXFileReference; name = "AVFoundation.framework"; path = "System/Library/Frameworks/AVFoundation.framework"; sourceTree = SDKROOT; fileEncoding = undefined; lastKnownFileType = wrapper.framework; explicitFileType = undefined; includeInIndex = 0; };
/* End PBXFileReference section */

/* Begin PBXFrameworksBuildPhase section */
		1D60588F0D05DD3D006BFB54 /* Frameworks */ = {
			isa = PBXFrameworksBuildPhase;
			buildActionMask = 2147483647;
			files = (
				301BF552109A68D80062928A /* libCordova.a in Frameworks */,
				A7CF5513C8EA40E18EF29065 /* WebKit.framework in Frameworks */,
				F61620B16A584FEAAC3A3C9E /* libz.tbd in Frameworks */,
				EEDF46705CFA40B381564B0B /* ImageIO.framework in Frameworks */,
				244737567C624CE3AD2CF92D /* CoreLocation.framework in Frameworks */,
				E64998BAD1B146A995C07BBE /* AVFoundation.framework in Frameworks */,
			);
			runOnlyForDeploymentPostprocessing = 0;
		};
/* End PBXFrameworksBuildPhase section */

/* Begin PBXGroup section */
		080E96DDFE201D6D7F000001 /* Classes */ = {
			isa = PBXGroup;
			children = (
				302D95EE14D2391D003F00A1 /* MainViewController.h */,
				302D95EF14D2391D003F00A1 /* MainViewController.m */,
				302D95F014D2391D003F00A1 /* MainViewController.xib */,
				1D3623240D0F684500981E51 /* AppDelegate.h */,
				1D3623250D0F684500981E51 /* AppDelegate.m */,
			);
			name = Classes;
			path = "考研政治/Classes";
			sourceTree = SOURCE_ROOT;
		};
		19C28FACFE9D520D11CA2CBB /* Products */ = {
			isa = PBXGroup;
			children = (
				1D6058910D05DD3D006BFB54 /* 考研政治.app */,
			);
			name = Products;
			sourceTree = "<group>";
		};
		29B97314FDCFA39411CA2CEA /* CustomTemplate */ = {
			isa = PBXGroup;
			children = (
				EB87FDF41871DAF40020F90C /* config.xml */,
				EB87FDF31871DA8E0020F90C /* www */,
				EB87FDF11871DA420020F90C /* Staging */,
				301BF52D109A57CC0062928A /* CordovaLib/CordovaLib.xcodeproj */,
				080E96DDFE201D6D7F000001 /* Classes */,
				307C750510C5A3420062BCA9 /* Plugins */,
				29B97315FDCFA39411CA2CEA /* Other Sources */,
				29B97317FDCFA39411CA2CEA /* Resources */,
				29B97323FDCFA39411CA2CEA /* Frameworks */,
				19C28FACFE9D520D11CA2CBB /* Products */,
			);
			name = CustomTemplate;
			sourceTree = "<group>";
		};
		29B97315FDCFA39411CA2CEA /* Other Sources */ = {
			isa = PBXGroup;
			children = (
				32CA4F630368D1EE00C91783 /* 考研政治-Prefix.pch */,
				29B97316FDCFA39411CA2CEA /* main.m */,
				ED33DF2A687741AEAF9F8254 /* Bridging-Header.h */,
			);
			name = "Other Sources";
			path = "考研政治";
			sourceTree = "<group>";
		};
		29B97317FDCFA39411CA2CEA /* Resources */ = {
			isa = PBXGroup;
			children = (
				0207DA571B56EA530066E2B4 /* Images.xcassets */,
				3047A50E1AB8057F00498E2A /* config */,
				8D1107310486CEB800E47090 /* 考研政治-Info.plist */,
				6AFF5BF81D6E424B00AB3073 /* CDVLaunchScreen.storyboard */,
			);
			name = Resources;
			path = "考研政治/Resources";
			sourceTree = "<group>";
		};
		29B97323FDCFA39411CA2CEA /* Frameworks */ = {
			isa = PBXGroup;
			children = (
				C82C227D39D148A69E5D0564 /* WebKit.framework */,
				B036980DD1454D5299B752F1 /* libz.tbd */,
				0F8C69DD883B461FB4D11D02 /* ImageIO.framework */,
				229D5EEB96D6481B85346C03 /* CoreLocation.framework */,
				A8A914CC744F447CB27793AA /* AVFoundation.framework */,
			);
			name = Frameworks;
			sourceTree = "<group>";
		};
		301BF52E109A57CC0062928A /* Products */ = {
			isa = PBXGroup;
			children = (
				301BF535109A57CC0062928A /* libCordova.a */,
				1622D3741F8A54CE00C8CF73 /* Cordova.framework */,
			);
			name = Products;
			sourceTree = "<group>";
		};
		3047A50E1AB8057F00498E2A /* config */ = {
			isa = PBXGroup;
			children = (
				3047A50F1AB8059700498E2A /* build-debug.xcconfig */,
				3047A5101AB8059700498E2A /* build-release.xcconfig */,
				3047A5111AB8059700498E2A /* build.xcconfig */,
			);
			name = config;
			sourceTree = "<group>";
		};
		307C750510C5A3420062BCA9 /* Plugins */ = {
			isa = PBXGroup;
			children = (
				1F04A4079DA54F319E0C1F34 /* CDVDevice.m */,
				5DCB308307ED4C7FB5339647 /* CDVDevice.h */,
				E83D0875C48E4592A020054D /* CDVWKWebViewEngine.m */,
				B19FDACE3DB84099B6A7009B /* CDVWKWebViewUIDelegate.m */,
				39F5EBDAFFFE4D53B7AE4A26 /* CDVWKProcessPoolFactory.m */,
				E3E64E00D8F7405283B5C05E /* GCDWebServer.m */,
				E075A02D15D84AC08EEF6BD7 /* GCDWebServerConnection.m */,
				19C6DB895AF94C5282A83DF9 /* GCDWebServerFunctions.m */,
				6A7E5836850D4850B629728E /* GCDWebServerRequest.m */,
				64E68F529FC54573B4373E67 /* GCDWebServerResponse.m */,
				59750E72E51846998AC16F1C /* GCDWebServerDataRequest.m */,
				778377525F444712964B3B3D /* GCDWebServerFileRequest.m */,
				79D3023EE0AF48DAB03E2F04 /* GCDWebServerMultiPartFormRequest.m */,
				17ECF798C26146F087EA55EB /* GCDWebServerURLEncodedFormRequest.m */,
				8E9D59311AEB400F991AE11A /* GCDWebServerDataResponse.m */,
				351A067F33A949C8B9F4840B /* GCDWebServerErrorResponse.m */,
				508A071D0FF94BFA89DD86E1 /* GCDWebServerFileResponse.m */,
				ACAEEC2C6EA547D18CAAF39A /* GCDWebServerStreamedResponse.m */,
				D78BF6695770406BB031CC59 /* CDVWKWebViewEngine.h */,
				7ECDA4994F0E41C5897674F2 /* CDVWKWebViewUIDelegate.h */,
				5733AE6370254EF49444E59C /* CDVWKProcessPoolFactory.h */,
				9701B20508714703B960F85B /* GCDWebServer.h */,
				AF115C8D5B1449F283CC73AE /* GCDWebServerConnection.h */,
				09DFD2FB62134FD8AEA926E0 /* GCDWebServerFunctions.h */,
				E42C33DE13B843A4B3E8F108 /* GCDWebServerHTTPStatusCodes.h */,
				661DCA53795D42A0ADE99434 /* GCDWebServerPrivate.h */,
				136962A93D9146ECB8BA7818 /* GCDWebServerRequest.h */,
				73B08BF2B9604513B6AA7644 /* GCDWebServerResponse.h */,
				82450A7CAE1D4C0FAE5AB576 /* GCDWebServerDataRequest.h */,
				D890BFB8C33A4917998E5D5D /* GCDWebServerFileRequest.h */,
				639FBDB75F8946C19AF81C5D /* GCDWebServerMultiPartFormRequest.h */,
				0B1A83E43AFE4BB089670218 /* GCDWebServerURLEncodedFormRequest.h */,
				4DDC1497AFCE4FBA978AB84A /* GCDWebServerDataResponse.h */,
				62AC0426A0E643ACA0DED96A /* GCDWebServerErrorResponse.h */,
				B64F84F107E34379A232BC89 /* GCDWebServerFileResponse.h */,
				450A93B2737C49B284B0DDC5 /* GCDWebServerStreamedResponse.h */,
				CD4C5189B4FB43AE8802DE18 /* CDVOrientation.m */,
				AEA3A087663B4B9E82055809 /* CDVOrientation.h */,
				4E806FFF95C04456A56BC147 /* CDVSplashScreen.m */,
				8240396273FC4C4EAE57CE56 /* CDVViewController+SplashScreen.m */,
				8700B412008E45CBB3F3AC64 /* CDVSplashScreen.h */,
				CBE92C0596954A15B6908FC8 /* CDVViewController+SplashScreen.h */,
				9D153181428D48FD84DBA711 /* CDVStatusBar.m */,
				034186D84FD74257AA6127F1 /* CDVStatusBar.h */,
				A51BE481C59A4EEB8C0090C7 /* SQLitePlugin.m */,
				873B336770974426B38EB7E4 /* sqlite3.c */,
				60AA6444FA5F422E860CDB41 /* SQLitePlugin.h */,
				33E44205169F40D994D7165A /* sqlite3.h */,
				B7D1B355B6E94DCE86F81628 /* IonicKeyboard.m */,
				660BF080CA19460EA945FE58 /* IonicKeyboard.h */,
				D82654DD90274F71BD63484E /* CDVSplashScreen+IonicDeploy.m */,
				6174F98BAD2A4749851F9DEB /* IonicConstant.m */,
				51067C7632564CC6A41017F8 /* IonicDeploy.m */,
				261D7FCF09F14697BDF34872 /* Download.m */,
				5E6C7460674A4E7F8CB14F97 /* DownloadManager.m */,
				7388432D5A124B6E8744BE55 /* SSZipArchive.m */,
				B387A6A864894C999BA0D8C9 /* ioapi.c */,
				55493088C8E940718256F36A /* unzip.c */,
				FCE5F708A3B048A19C01BBDF /* zip.c */,
				8ADD44EA5CFA40AB987BAF8B /* adler32.c */,
				026A4C70C8A04F11A47C8A51 /* compress.c */,
				C44BD0F199014088A4E7A262 /* crc32.c */,
				ACC77E2A5A8F42C8824CFC8E /* deflate.c */,
				D53EBAAEEDC84DF6B43B1A71 /* gzclose.c */,
				15785C385D5C4D5A9161465F /* gzlib.c */,
				DC3A57A65BEF4C2E969233F1 /* gzread.c */,
				5FBF5A640DBF4681B312DAA4 /* gzwrite.c */,
				67312CDB7B1E4C56B4684A2B /* infback.c */,
				C91E450F419E4B4D94997B0C /* inffast.c */,
				C9E45769DB4D4188ADD9EB00 /* inflate.c */,
				530E49C9848E4123B4B93B87 /* inftrees.c */,
				C1CF1CEDC857420E8FEC7AE7 /* trees.c */,
				B41DE6CB511248008EB7B2C2 /* uncompr.c */,
				C65FDB4BC86E44CE9EE0685D /* zutil.c */,
				4D84936408A1460987D8CDC9 /* Base64.m */,
				61967B433BFB439087F5FE61 /* UNIHTTPClientHelper.m */,
				EFBB93529F7E44BBBFBA9DE5 /* UNIHTTPRequest.m */,
				5907D1AA198F4914BBFF3474 /* UNIHTTPRequestWithBody.m */,
				5689BD0AE08F44BB870BE24E /* UNIRest.m */,
				EB86C25E32F24781AE843FB6 /* UNIUrlConnection.m */,
				748374109D3D46769C133C95 /* UNIBaseRequest.m */,
				AC7DFCE04AF64BFB9514D76B /* UNIBodyRequest.m */,
				CEBEC64FF9B340DEBA9F4975 /* UNISimpleRequest.m */,
				C8B46B1927264BD18FC75923 /* UNIHTTPBinaryResponse.m */,
				CDD38A28AF3E4B3A9F5188E2 /* UNIHTTPJsonResponse.m */,
				7BB5FD0DC78C458A80421CF6 /* UNIHTTPResponse.m */,
				3F11F9BF114F42AEA983D45F /* UNIHTTPStringResponse.m */,
				181199BEA781485E8703D6EC /* UNIJsonNode.m */,
				72C3DBA68A1F40D28EEDE708 /* IonicCordovaCommon.swift */,
				0048C29998AF49C9A3EE7A6A /* CDVSplashScreen+IonicDeploy.h */,
				7E846285B1054C8E8A4D5778 /* IonicConstant.h */,
				BA197520E86E4E8A84D3D4BA /* IonicDeploy.h */,
				1DF4F543AA11425BA9FB5638 /* Download.h */,
				6034F8E5BD00417F8F1203F0 /* DownloadManager.h */,
				62FB8CACDEB74E6885FCFD98 /* SSZipArchive.h */,
				C00008C4AEFF49449930A113 /* ARCHelper.h */,
				F5D3C8AAB10F49D083447ACA /* crypt.h */,
				E5CE878039C0493486834FA8 /* ioapi.h */,
				50599FDB39F440AFBED18CBD /* unzip.h */,
				17F53E642D894FE4B601C9FA /* zip.h */,
				EA031847C3AE4AF9829A9C9D /* crc32.h */,
				2C0BCEA3DFB3453491876A4A /* deflate.h */,
				88F1A9DDC0F9412F825DD949 /* gzguts.h */,
				F7F244C20F334AE185DED816 /* inffast.h */,
				2926D0507C604CF0B4E3557A /* inffixed.h */,
				4701925DF0644CF197500C6F /* inflate.h */,
				170F463D5D7D447E895F463C /* inftrees.h */,
				DB495499F74C490E83CA4A41 /* trees.h */,
				7CA18E4117754828973952F6 /* zconf.h */,
				3938F18C2E26421C9C7C24C5 /* zlib.h */,
				BDFDDA54B59943C1A9F53616 /* zutil.h */,
				D7042AEB5BD44B779458CC23 /* Base64.h */,
				BF9F916B2C4E428BB591FD5A /* UNIHTTPClientHelper.h */,
				04D42E2D418E415F8A1C2DF2 /* UNIHTTPRequest.h */,
				04649FD49CC44C80A635AB98 /* UNIHTTPRequestWithBody.h */,
				8344E3A6D4A1471BA0A09177 /* Unirest-Prefix.pch */,
				60DFFD6F41C94FFD9DB84076 /* UNIRest.h */,
				9D35EF9918DE4ADBBA8507CD /* UNIUrlConnection.h */,
				65A89AD8A9D04A78A2EA8BDC /* UNIBaseRequest.h */,
				AFC5D33DC896434B88CC87F6 /* UNIBodyRequest.h */,
				4A5ABABEB4014EEF8E23326E /* UNISimpleRequest.h */,
				A5B2C9943DD740A9A4072DF1 /* UNIHTTPBinaryResponse.h */,
				1246139DB765474290DEDD97 /* UNIHTTPJsonResponse.h */,
				12E014FC13D44CF9B6CFBD43 /* UNIHTTPResponse.h */,
				1D9743AA3307476B8A7CA30D /* UNIHTTPStringResponse.h */,
				F4B9F88B490A48D494E79A41 /* UNIJsonNode.h */,
				E026A12D7D4642A798DC2B3F /* UIImage+CropScaleOrientation.m */,
				6D5377DBD9D84B6C86F3361A /* CDVCamera.m */,
				649028DC24BC404D80F09BD6 /* CDVJpegHeaderWriter.m */,
				EA6AE059DD224378B49E11FD /* UIImage+CropScaleOrientation.h */,
				5B37461973064A33BD7C47C7 /* CDVCamera.h */,
				A1A74705E2C94F7186711106 /* CDVJpegHeaderWriter.h */,
				11E887C4E22144509AED8E3F /* CDVExif.h */,
			);
			name = Plugins;
			path = "考研政治/Plugins";
			sourceTree = SOURCE_ROOT;
		};
		EB87FDF11871DA420020F90C /* Staging */ = {
			isa = PBXGroup;
			children = (
				F840E1F0165FE0F500CFE078 /* config.xml */,
				301BF56E109A69640062928A /* www */,
			);
			name = Staging;
			sourceTree = "<group>";
		};
/* End PBXGroup section */

/* Begin PBXNativeTarget section */
		1D6058900D05DD3D006BFB54 /* 考研政治 */ = {
			isa = PBXNativeTarget;
			buildConfigurationList = 1D6058960D05DD3E006BFB54 /* Build configuration list for PBXNativeTarget "考研政治" */;
			buildPhases = (
				304B58A110DAC018002A0835 /* Copy www directory */,
				1D60588D0D05DD3D006BFB54 /* Resources */,
				1D60588E0D05DD3D006BFB54 /* Sources */,
				1D60588F0D05DD3D006BFB54 /* Frameworks */,
			);
			buildRules = (
			);
			dependencies = (
				301BF551109A68C00062928A /* PBXTargetDependency */,
			);
			name = "考研政治";
			productName = "考研政治";
			productReference = 1D6058910D05DD3D006BFB54 /* 考研政治.app */;
			productType = "com.apple.product-type.application";
		};
/* End PBXNativeTarget section */

/* Begin PBXProject section */
		29B97313FDCFA39411CA2CEA /* Project object */ = {
			isa = PBXProject;
			attributes = {
				LastUpgradeCheck = 510;
				TargetAttributes = {
					1D6058900D05DD3D006BFB54 = {
						DevelopmentTeam = 3N6T89DACH;
					};
				};
			};
			buildConfigurationList = C01FCF4E08A954540054247B /* Build configuration list for PBXProject "考研政治" */;
			compatibilityVersion = "Xcode 3.2";
			developmentRegion = English;
			hasScannedForEncodings = 1;
			knownRegions = (
				en,
			);
			mainGroup = 29B97314FDCFA39411CA2CEA /* CustomTemplate */;
			projectDirPath = "";
			projectReferences = (
				{
					ProductGroup = 301BF52E109A57CC0062928A /* Products */;
					ProjectRef = 301BF52D109A57CC0062928A /* CordovaLib/CordovaLib.xcodeproj */;
				},
			);
			projectRoot = "";
			targets = (
				1D6058900D05DD3D006BFB54 /* 考研政治 */,
			);
		};
/* End PBXProject section */

/* Begin PBXReferenceProxy section */
		1622D3741F8A54CE00C8CF73 /* Cordova.framework */ = {
			isa = PBXReferenceProxy;
			fileType = wrapper.framework;
			path = Cordova.framework;
			remoteRef = 1622D3731F8A54CE00C8CF73 /* PBXContainerItemProxy */;
			sourceTree = BUILT_PRODUCTS_DIR;
		};
		301BF535109A57CC0062928A /* libCordova.a */ = {
			isa = PBXReferenceProxy;
			fileType = archive.ar;
			path = libCordova.a;
			remoteRef = 301BF534109A57CC0062928A /* PBXContainerItemProxy */;
			sourceTree = BUILT_PRODUCTS_DIR;
		};
/* End PBXReferenceProxy section */

/* Begin PBXResourcesBuildPhase section */
		1D60588D0D05DD3D006BFB54 /* Resources */ = {
			isa = PBXResourcesBuildPhase;
			buildActionMask = 2147483647;
			files = (
				302D95F214D2391D003F00A1 /* MainViewController.xib in Resources */,
				0207DA581B56EA530066E2B4 /* Images.xcassets in Resources */,
				6AFF5BF91D6E424B00AB3073 /* CDVLaunchScreen.storyboard in Resources */,
			);
			runOnlyForDeploymentPostprocessing = 0;
		};
/* End PBXResourcesBuildPhase section */

/* Begin PBXShellScriptBuildPhase section */
		304B58A110DAC018002A0835 /* Copy www directory */ = {
			isa = PBXShellScriptBuildPhase;
			buildActionMask = 2147483647;
			files = (
			);
			inputPaths = (
			);
			name = "Copy www directory";
			outputPaths = (
			);
			runOnlyForDeploymentPostprocessing = 0;
			shellPath = /bin/sh;
			shellScript = "NODEJS_PATH=/usr/local/bin; NVM_NODE_PATH=~/.nvm/versions/node/`nvm version 2>/dev/null`/bin; N_NODE_PATH=`find /usr/local/n/versions/node/* -maxdepth 0 -type d 2>/dev/null | tail -1`/bin; XCODE_NODE_PATH=`xcode-select --print-path`/usr/share/xcs/Node/bin; PATH=$NODEJS_PATH:$NVM_NODE_PATH:$N_NODE_PATH:$XCODE_NODE_PATH:$PATH && node cordova/lib/copy-www-build-step.js";
			showEnvVarsInLog = 0;
		};
/* End PBXShellScriptBuildPhase section */

/* Begin PBXSourcesBuildPhase section */
		1D60588E0D05DD3D006BFB54 /* Sources */ = {
			isa = PBXSourcesBuildPhase;
			buildActionMask = 2147483647;
			files = (
				1D60589B0D05DD56006BFB54 /* main.m in Sources */,
				1D3623260D0F684500981E51 /* AppDelegate.m in Sources */,
				302D95F114D2391D003F00A1 /* MainViewController.m in Sources */,
				6B79BA86D4D440E1B26629EB /* CDVDevice.m in Sources */,
				5CE5139565EC4077A2F3E896 /* CDVWKWebViewEngine.m in Sources */,
				3460A213884F4606B4CE26FF /* CDVWKWebViewUIDelegate.m in Sources */,
				A0560D4B38994FBFAB2D4958 /* CDVWKProcessPoolFactory.m in Sources */,
				D861F3E1BE6C4221BD2EF83A /* GCDWebServer.m in Sources */,
				D82BF46ABBDD461FB0B01D2E /* GCDWebServerConnection.m in Sources */,
				36F5812365134CD481392CC5 /* GCDWebServerFunctions.m in Sources */,
				0639A0C578AE448FAFA0AA0E /* GCDWebServerRequest.m in Sources */,
				BEA7AEBFB9CC4A11BB322F09 /* GCDWebServerResponse.m in Sources */,
				43A6A04B8B444E89AC6E850B /* GCDWebServerDataRequest.m in Sources */,
				F61E576DB24A40AF9C46AE0E /* GCDWebServerFileRequest.m in Sources */,
				17914E5F22C14FECAEFD13C9 /* GCDWebServerMultiPartFormRequest.m in Sources */,
				385D939D0D2943F48CC9641B /* GCDWebServerURLEncodedFormRequest.m in Sources */,
				634487A006344D21AE08BD15 /* GCDWebServerDataResponse.m in Sources */,
				8B7B7149B8E749DBACAE4B8D /* GCDWebServerErrorResponse.m in Sources */,
				B8784F5BF44C4E328D6908B8 /* GCDWebServerFileResponse.m in Sources */,
				52DB03030F774ECABF0D89C1 /* GCDWebServerStreamedResponse.m in Sources */,
				DC1D10374AD342A59950A6A6 /* CDVOrientation.m in Sources */,
				F0F2F8C6681842A8A95F76BE /* CDVSplashScreen.m in Sources */,
				7EC175FAD58140D1BE61C13C /* CDVViewController+SplashScreen.m in Sources */,
				3265D64EF6EF45CDBAFF7783 /* CDVStatusBar.m in Sources */,
				E1A82B5DDA374E309E9DDA53 /* SQLitePlugin.m in Sources */,
				66F740C1BA3F45FBB07ABB8B /* sqlite3.c in Sources */,
				F58BC527504C4D8290BCC62B /* IonicKeyboard.m in Sources */,
				E1E01ABDFD314B65AD59D129 /* CDVSplashScreen+IonicDeploy.m in Sources */,
				3403C526AC654DFBAE716E4A /* IonicConstant.m in Sources */,
				302B2EA769DF4E128F2971CD /* IonicDeploy.m in Sources */,
				B54BE47C3C7346F6B0BDA0CB /* Download.m in Sources */,
				BDC26124C1494EB88EFB9FBF /* DownloadManager.m in Sources */,
				620E645D00D4444D994F368F /* SSZipArchive.m in Sources */,
				B626B0683D344E52BDC1364E /* ioapi.c in Sources */,
				9BE49F1536514869A60EDAAA /* unzip.c in Sources */,
				E7EFE3F8B6C74A188EDBCF21 /* zip.c in Sources */,
				E2532CAF6D2F4390A2BA20F2 /* adler32.c in Sources */,
				6E429EFC261945D1A1430F9E /* compress.c in Sources */,
				6DEC783056A54915BF9F5322 /* crc32.c in Sources */,
				8AB25FEF8D854B2EB4B320B6 /* deflate.c in Sources */,
				10F6F11E85C345FEBEFFBAB5 /* gzclose.c in Sources */,
				2ADA751C217641C7BC2983F9 /* gzlib.c in Sources */,
				6B7260FD32704DE68ABB83A6 /* gzread.c in Sources */,
				3BFAE8575B1A44D9A45DD016 /* gzwrite.c in Sources */,
				E02E0BC282824974A5B5BE2A /* infback.c in Sources */,
				0B13064FBC64454E949C0AE2 /* inffast.c in Sources */,
				83B720CFC1EB43FE85EA9403 /* inflate.c in Sources */,
				2B17F89E202642D38E3B7120 /* inftrees.c in Sources */,
				EE6E88FD6E954DE8A99D6D92 /* trees.c in Sources */,
				E0B9D8A8F15D49E68F585639 /* uncompr.c in Sources */,
				82B1C09B52D2472388B2D4E3 /* zutil.c in Sources */,
				D7A0300DB58F41DC82B29F37 /* Base64.m in Sources */,
				A5C5D4AEBF3442888D2AC7F9 /* UNIHTTPClientHelper.m in Sources */,
				F8F01E88F1F945A3A1B263E8 /* UNIHTTPRequest.m in Sources */,
				FF2B1E8E24F042EF842BFEF9 /* UNIHTTPRequestWithBody.m in Sources */,
				BBE3DC15BE2045F5B38FC2A5 /* UNIRest.m in Sources */,
				73AFF23B00984479A5B520D8 /* UNIUrlConnection.m in Sources */,
				DBC2B603FC804F0E8710ADA7 /* UNIBaseRequest.m in Sources */,
				824AFFDD236741308A54A60B /* UNIBodyRequest.m in Sources */,
				53C8F82C83624043B3F1D250 /* UNISimpleRequest.m in Sources */,
				FDFEF87873AD4D369D36FB2E /* UNIHTTPBinaryResponse.m in Sources */,
				B2404D2036884D46AEAEE01D /* UNIHTTPJsonResponse.m in Sources */,
				5F43B9D78C5642EFBDF89A9D /* UNIHTTPResponse.m in Sources */,
				A574FE83C7BA445095479C69 /* UNIHTTPStringResponse.m in Sources */,
				09249B6C186E49E4A1E2C736 /* UNIJsonNode.m in Sources */,
				70B5FF5CD0424B7F82114D6D /* IonicCordovaCommon.swift in Sources */,
				477C6A2D99714CC88BA4D541 /* UIImage+CropScaleOrientation.m in Sources */,
				D9D087F98C7842FAA4E72183 /* CDVCamera.m in Sources */,
				B9D78D6B9C1442FEAA5FB5C4 /* CDVJpegHeaderWriter.m in Sources */,
			);
			runOnlyForDeploymentPostprocessing = 0;
		};
/* End PBXSourcesBuildPhase section */

/* Begin PBXTargetDependency section */
		301BF551109A68C00062928A /* PBXTargetDependency */ = {
			isa = PBXTargetDependency;
			name = CordovaLib;
			targetProxy = 301BF550109A68C00062928A /* PBXContainerItemProxy */;
		};
/* End PBXTargetDependency section */

/* Begin XCBuildConfiguration section */
		1D6058940D05DD3E006BFB54 /* Debug */ = {
			isa = XCBuildConfiguration;
			baseConfigurationReference = 3047A50F1AB8059700498E2A /* build-debug.xcconfig */;
			buildSettings = {
				ALWAYS_EMBED_SWIFT_STANDARD_LIBRARIES = YES;
				ALWAYS_SEARCH_USER_PATHS = NO;
				ASSETCATALOG_COMPILER_APPICON_NAME = AppIcon;
				ASSETCATALOG_COMPILER_LAUNCHIMAGE_NAME = LaunchImage;
				CLANG_ENABLE_MODULES = YES;
				CLANG_ENABLE_OBJC_ARC = YES;
				COPY_PHASE_STRIP = NO;
				DEVELOPMENT_TEAM = 3N6T89DACH;
				GCC_DYNAMIC_NO_PIC = NO;
				GCC_OPTIMIZATION_LEVEL = 0;
				GCC_PRECOMPILE_PREFIX_HEADER = YES;
				GCC_PREFIX_HEADER = "考研政治/考研政治-Prefix.pch";
				GCC_THUMB_SUPPORT = NO;
				GCC_VERSION = "";
				INFOPLIST_FILE = "考研政治/考研政治-Info.plist";
				IPHONEOS_DEPLOYMENT_TARGET = 9.0;
				LD_RUNPATH_SEARCH_PATHS = "@executable_path/Frameworks";
				PRODUCT_NAME = "考研政治";
				SWIFT_OBJC_BRIDGING_HEADER = "$(PROJECT_DIR)/$(PROJECT_NAME)/Bridging-Header.h";
				SWIFT_OPTIMIZATION_LEVEL = "-Onone";
				SWIFT_VERSION = 3.0;
				TARGETED_DEVICE_FAMILY = "1,2";
			};
			name = Debug;
		};
		1D6058950D05DD3E006BFB54 /* Release */ = {
			isa = XCBuildConfiguration;
			baseConfigurationReference = 3047A5101AB8059700498E2A /* build-release.xcconfig */;
			buildSettings = {
				ALWAYS_EMBED_SWIFT_STANDARD_LIBRARIES = YES;
				ALWAYS_SEARCH_USER_PATHS = NO;
				ASSETCATALOG_COMPILER_APPICON_NAME = AppIcon;
				ASSETCATALOG_COMPILER_LAUNCHIMAGE_NAME = LaunchImage;
				CLANG_ENABLE_MODULES = YES;
				CLANG_ENABLE_OBJC_ARC = YES;
				COPY_PHASE_STRIP = YES;
				DEVELOPMENT_TEAM = 3N6T89DACH;
				GCC_PRECOMPILE_PREFIX_HEADER = YES;
				GCC_PREFIX_HEADER = "考研政治/考研政治-Prefix.pch";
				GCC_THUMB_SUPPORT = NO;
				GCC_VERSION = "";
				INFOPLIST_FILE = "考研政治/考研政治-Info.plist";
				IPHONEOS_DEPLOYMENT_TARGET = 9.0;
				LD_RUNPATH_SEARCH_PATHS = "@executable_path/Frameworks";
				PRODUCT_NAME = "考研政治";
				SWIFT_OBJC_BRIDGING_HEADER = "$(PROJECT_DIR)/$(PROJECT_NAME)/Bridging-Header.h";
				SWIFT_VERSION = 3.0;
				TARGETED_DEVICE_FAMILY = "1,2";
			};
			name = Release;
		};
		C01FCF4F08A954540054247B /* Debug */ = {
			isa = XCBuildConfiguration;
			baseConfigurationReference = 3047A5111AB8059700498E2A /* build.xcconfig */;
			buildSettings = {
				ALWAYS_EMBED_SWIFT_STANDARD_LIBRARIES = YES;
				CLANG_ENABLE_MODULES = YES;
				CLANG_ENABLE_OBJC_ARC = YES;
				CLANG_WARN_BOOL_CONVERSION = YES;
				CLANG_WARN_CONSTANT_CONVERSION = YES;
				CLANG_WARN_EMPTY_BODY = YES;
				CLANG_WARN_ENUM_CONVERSION = YES;
				CLANG_WARN_INT_CONVERSION = YES;
				CLANG_WARN__DUPLICATE_METHOD_MATCH = YES;
				GCC_C_LANGUAGE_STANDARD = c99;
				GCC_THUMB_SUPPORT = NO;
				GCC_VERSION = "";
				GCC_WARN_ABOUT_RETURN_TYPE = YES;
				GCC_WARN_UNDECLARED_SELECTOR = YES;
				GCC_WARN_UNINITIALIZED_AUTOS = YES;
				GCC_WARN_UNUSED_FUNCTION = YES;
				GCC_WARN_UNUSED_VARIABLE = YES;
				ONLY_ACTIVE_ARCH = YES;
				SDKROOT = iphoneos;
				SKIP_INSTALL = NO;
				SWIFT_OBJC_BRIDGING_HEADER = "$(PROJECT_DIR)/$(PROJECT_NAME)/Bridging-Header.h";
				SWIFT_OPTIMIZATION_LEVEL = "-Onone";
				SWIFT_VERSION = 3.0;
			};
			name = Debug;
		};
		C01FCF5008A954540054247B /* Release */ = {
			isa = XCBuildConfiguration;
			baseConfigurationReference = 3047A5111AB8059700498E2A /* build.xcconfig */;
			buildSettings = {
				ALWAYS_EMBED_SWIFT_STANDARD_LIBRARIES = YES;
				CLANG_ENABLE_MODULES = YES;
				CLANG_ENABLE_OBJC_ARC = YES;
				CLANG_WARN_BOOL_CONVERSION = YES;
				CLANG_WARN_CONSTANT_CONVERSION = YES;
				CLANG_WARN_EMPTY_BODY = YES;
				CLANG_WARN_ENUM_CONVERSION = YES;
				CLANG_WARN_INT_CONVERSION = YES;
				CLANG_WARN__DUPLICATE_METHOD_MATCH = YES;
				GCC_C_LANGUAGE_STANDARD = c99;
				GCC_THUMB_SUPPORT = NO;
				GCC_VERSION = "";
				GCC_WARN_ABOUT_RETURN_TYPE = YES;
				GCC_WARN_UNDECLARED_SELECTOR = YES;
				GCC_WARN_UNINITIALIZED_AUTOS = YES;
				GCC_WARN_UNUSED_FUNCTION = YES;
				GCC_WARN_UNUSED_VARIABLE = YES;
				SDKROOT = iphoneos;
				SKIP_INSTALL = NO;
				SWIFT_OBJC_BRIDGING_HEADER = "$(PROJECT_DIR)/$(PROJECT_NAME)/Bridging-Header.h";
				SWIFT_VERSION = 3.0;
			};
			name = Release;
		};
/* End XCBuildConfiguration section */

/* Begin XCConfigurationList section */
		1D6058960D05DD3E006BFB54 /* Build configuration list for PBXNativeTarget "考研政治" */ = {
			isa = XCConfigurationList;
			buildConfigurations = (
				1D6058940D05DD3E006BFB54 /* Debug */,
				1D6058950D05DD3E006BFB54 /* Release */,
			);
			defaultConfigurationIsVisible = 0;
			defaultConfigurationName = Release;
		};
		C01FCF4E08A954540054247B /* Build configuration list for PBXProject "考研政治" */ = {
			isa = XCConfigurationList;
			buildConfigurations = (
				C01FCF4F08A954540054247B /* Debug */,
				C01FCF5008A954540054247B /* Release */,
			);
			defaultConfigurationIsVisible = 0;
			defaultConfigurationName = Release;
		};
/* End XCConfigurationList section */
	};
	rootObject = 29B97313FDCFA39411CA2CEA /* Project object */;
}
